{
  "version": 4,
  "terraform_version": "1.3.4",
  "serial": 515,
  "lineage": "65b85a84-de09-70ae-572c-4bb2529e2b32",
  "outputs": {
    "generated_ssh_private_key": {
      "value": "-----BEGIN RSA PRIVATE KEY-----\nMIIEowIBAAKCAQEArzWOLMs52P5sjNx+OWAoguzlZmhT/aw0AH9YaAWHi5zk8LNC\nrXJhvXydA/DjErMhUyyXSOMu9Pom5kVPywNOOZerT4+QtTh8h0thORHYSWqnxMQr\nBH8HWi7w8LXFZ9YKuHoqxm40A7/+uhhcjZq6gEoEjAZ/NenhUe5UEuWDbxUNP9w1\nsdVr4hxqPfNGC3lRmKgsDeecInKJgLJRzOFZY7arhicnM3RO/rkOa+YI6lI2HKlC\n16y5s96UVSD9JZ9U1PMVkD6jKRWbbbUTBkHQEpjlEuMHhbxk4qe1+Ye2j0L4/fhT\nE/eYHtK3di/EUZWEk+cXfDzf9cccnJHQ19QoNQIDAQABAoIBAA/itS9OhcIs3z6u\nRyuAkmu8etgcIXFgiZ557VQRHEcGRKOmPSdotX/uqnXPA2eQojbeViEfqARCIgDC\nzAdGF3OVUsz14VLs+i1yIjCAc7HEX82xU40mz03X77SDZpCRkYtEWFiBaWnloHzS\n9KFKJBq5m0vu0t3ahLle+HR2JsKNaarfa8xA6fgGLM4X8wdzpQkCntMX97k/8V1t\nTl+COOdJ7h46DIb/L0HSuKHnQNkkYvQ1xeTHQq+rOVFTfTmyD6lm7URB/yBiOwD/\noCcsDCeMBIiF9mvH7oEzqWYhyufwpMDRofInaYkdwjaUxP5y77bsAtxk2EBC6ozK\nM3ZSCUECgYEAz92f+v1BsFTdP4zRaL1Xev3RQH7AHFGdkCVg0NV3mR27oPUikTUo\nKuW9YlAJ3zKXS1nj2SqUJVOivkb9ZGmTpKTF8O1dFz2GHLTgP5gWxKD3MebjyXmg\n2agOVOvoIXCVdjAQtviQLeFONqkSvol4YNc81qZaZXOv8VipmPpdHGkCgYEA18gJ\nctBKvX4/Y7jw36hRucwOKOwB5URlMJ3PUK2hDVO7N7X53moEhqDeRRz8Lzcd6v5d\n7DG+Crp0JXoSFMNQegNCI40c2wEhOoLzR3ZCVq87rPHQPbaznXKDjZwtXhIz/JSW\naICtTylMhiD/OjRXd5U2dISOcEr63xtgaMj6o+0CgYEAv3vV6Axs+tbyiZxbPDVP\n5Qj0PomEx5GXqDYGndpHtlFhisDG+yUQv5Orhmlc7rNYFB3WezNyDYCiJs6Wlm17\niOwRPAQtAT+3z7H/8hVUxAXUMbAUnoDg4CCkMy6uRD/GL33Pp/4KM3md51SQ490X\ne35LmSDdnR+ZMKcQdNAN/iECgYBEDz0jsJ0SXcKiso+PC+kTIFCLCb2jUcpU5kGg\nodM9f956OPSh+XCKAi15QSYtwkW2fBqlyB64BY1i0LjpQZ2djm+LBRRH43hWmz0e\nmidcbhL1fqP/AyRuEdN6k/sfQ8CP91Hljkibwlv3pmq6Mg4wkqjFYZYHxy6PtnPX\nOSUNFQKBgGqgQPxhlob/HhR95Hr0iLcSN6WEAylnqtAaQTQB20oBc9cTSuLPUxPQ\numZxBDETuae2uM+uOtC2kRseLAUCR1oSAGulNQ2w/223Okqu+/PZpM2g9jqMumFw\ne8why+9ASgWUjgB4Um/OnuUN6Oo7Uyuzoyu85Saie8hg1GPmGgCF\n-----END RSA PRIVATE KEY-----\n",
      "type": "string"
    },
    "instance_count_pool1": {
      "value": "12",
      "type": "string"
    },
    "instance_count_pool2": {
      "value": "2",
      "type": "string"
    },
    "instance_shape_pool1": {
      "value": "VM.Standard.E4.Flex",
      "type": "string"
    },
    "instance_shape_pool2": {
      "value": "VM.Standard.E4.Flex",
      "type": "string"
    }
  },
  "resources": [
    {
      "mode": "managed",
      "type": "local_file",
      "name": "key_file",
      "provider": "provider[\"registry.terraform.io/hashicorp/local\"]",
      "instances": [
        {
          "schema_version": 0,
          "attributes": {
            "content": "-----BEGIN RSA PRIVATE KEY-----\nMIIEowIBAAKCAQEArzWOLMs52P5sjNx+OWAoguzlZmhT/aw0AH9YaAWHi5zk8LNC\nrXJhvXydA/DjErMhUyyXSOMu9Pom5kVPywNOOZerT4+QtTh8h0thORHYSWqnxMQr\nBH8HWi7w8LXFZ9YKuHoqxm40A7/+uhhcjZq6gEoEjAZ/NenhUe5UEuWDbxUNP9w1\nsdVr4hxqPfNGC3lRmKgsDeecInKJgLJRzOFZY7arhicnM3RO/rkOa+YI6lI2HKlC\n16y5s96UVSD9JZ9U1PMVkD6jKRWbbbUTBkHQEpjlEuMHhbxk4qe1+Ye2j0L4/fhT\nE/eYHtK3di/EUZWEk+cXfDzf9cccnJHQ19QoNQIDAQABAoIBAA/itS9OhcIs3z6u\nRyuAkmu8etgcIXFgiZ557VQRHEcGRKOmPSdotX/uqnXPA2eQojbeViEfqARCIgDC\nzAdGF3OVUsz14VLs+i1yIjCAc7HEX82xU40mz03X77SDZpCRkYtEWFiBaWnloHzS\n9KFKJBq5m0vu0t3ahLle+HR2JsKNaarfa8xA6fgGLM4X8wdzpQkCntMX97k/8V1t\nTl+COOdJ7h46DIb/L0HSuKHnQNkkYvQ1xeTHQq+rOVFTfTmyD6lm7URB/yBiOwD/\noCcsDCeMBIiF9mvH7oEzqWYhyufwpMDRofInaYkdwjaUxP5y77bsAtxk2EBC6ozK\nM3ZSCUECgYEAz92f+v1BsFTdP4zRaL1Xev3RQH7AHFGdkCVg0NV3mR27oPUikTUo\nKuW9YlAJ3zKXS1nj2SqUJVOivkb9ZGmTpKTF8O1dFz2GHLTgP5gWxKD3MebjyXmg\n2agOVOvoIXCVdjAQtviQLeFONqkSvol4YNc81qZaZXOv8VipmPpdHGkCgYEA18gJ\nctBKvX4/Y7jw36hRucwOKOwB5URlMJ3PUK2hDVO7N7X53moEhqDeRRz8Lzcd6v5d\n7DG+Crp0JXoSFMNQegNCI40c2wEhOoLzR3ZCVq87rPHQPbaznXKDjZwtXhIz/JSW\naICtTylMhiD/OjRXd5U2dISOcEr63xtgaMj6o+0CgYEAv3vV6Axs+tbyiZxbPDVP\n5Qj0PomEx5GXqDYGndpHtlFhisDG+yUQv5Orhmlc7rNYFB3WezNyDYCiJs6Wlm17\niOwRPAQtAT+3z7H/8hVUxAXUMbAUnoDg4CCkMy6uRD/GL33Pp/4KM3md51SQ490X\ne35LmSDdnR+ZMKcQdNAN/iECgYBEDz0jsJ0SXcKiso+PC+kTIFCLCb2jUcpU5kGg\nodM9f956OPSh+XCKAi15QSYtwkW2fBqlyB64BY1i0LjpQZ2djm+LBRRH43hWmz0e\nmidcbhL1fqP/AyRuEdN6k/sfQ8CP91Hljkibwlv3pmq6Mg4wkqjFYZYHxy6PtnPX\nOSUNFQKBgGqgQPxhlob/HhR95Hr0iLcSN6WEAylnqtAaQTQB20oBc9cTSuLPUxPQ\numZxBDETuae2uM+uOtC2kRseLAUCR1oSAGulNQ2w/223Okqu+/PZpM2g9jqMumFw\ne8why+9ASgWUjgB4Um/OnuUN6Oo7Uyuzoyu85Saie8hg1GPmGgCF\n-----END RSA PRIVATE KEY-----\n",
            "content_base64": null,
            "content_base64sha256": "4ASPQN1aV/GUgZ3YOvhdsUS89UINbbfdj0DfKgSszZ4=",
            "content_base64sha512": "ga1PsWuhDcSxAuaTxPZT1mP/hETEcJSD3W0mpIjBI5cqHxiDtkY+WKfpsIbBjz3mohfLzNV/IlwDNysutqhVuQ==",
            "content_md5": "65e613c40ff001d8257a2e9da6299265",
            "content_sha1": "0bf96613850487db0de016c75a1af0d81bdb91dc",
            "content_sha256": "e0048f40dd5a57f194819dd83af85db144bcf5420d6db7dd8f40df2a04accd9e",
            "content_sha512": "81ad4fb16ba10dc4b102e693c4f653d663ff8444c4709483dd6d26a488c123972a1f1883b6463e58a7e9b086c18f3de6a217cbccd57f225c03372b2eb6a855b9",
            "directory_permission": "0777",
            "file_permission": "0777",
            "filename": "./key.pem",
            "id": "0bf96613850487db0de016c75a1af0d81bdb91dc",
            "sensitive_content": null,
            "source": null
          },
          "sensitive_attributes": [
            [
              {
                "type": "get_attr",
                "value": "content"
              }
            ]
          ],
          "dependencies": [
            "tls_private_key.ssh_key"
          ]
        }
      ]
    },
    {
      "mode": "managed",
      "type": "tls_private_key",
      "name": "ssh_key",
      "provider": "provider[\"registry.terraform.io/hashicorp/tls\"]",
      "instances": [
        {
          "schema_version": 1,
          "attributes": {
            "algorithm": "RSA",
            "ecdsa_curve": "P224",
            "id": "d9fe7e7b4a1ccff70ef9ecd4172e96709d0b4d47",
            "private_key_openssh": "-----BEGIN OPENSSH PRIVATE KEY-----\nb3BlbnNzaC1rZXktdjEAAAAABG5vbmUAAAAEbm9uZQAAAAAAAAABAAABFwAAAAdz\nc2gtcnNhAAAAAwEAAQAAAQEArzWOLMs52P5sjNx+OWAoguzlZmhT/aw0AH9YaAWH\ni5zk8LNCrXJhvXydA/DjErMhUyyXSOMu9Pom5kVPywNOOZerT4+QtTh8h0thORHY\nSWqnxMQrBH8HWi7w8LXFZ9YKuHoqxm40A7/+uhhcjZq6gEoEjAZ/NenhUe5UEuWD\nbxUNP9w1sdVr4hxqPfNGC3lRmKgsDeecInKJgLJRzOFZY7arhicnM3RO/rkOa+YI\n6lI2HKlC16y5s96UVSD9JZ9U1PMVkD6jKRWbbbUTBkHQEpjlEuMHhbxk4qe1+Ye2\nj0L4/fhTE/eYHtK3di/EUZWEk+cXfDzf9cccnJHQ19QoNQAAA7hnsFIWZ7BSFgAA\nAAdzc2gtcnNhAAABAQCvNY4syznY/myM3H45YCiC7OVmaFP9rDQAf1hoBYeLnOTw\ns0KtcmG9fJ0D8OMSsyFTLJdI4y70+ibmRU/LA045l6tPj5C1OHyHS2E5EdhJaqfE\nxCsEfwdaLvDwtcVn1gq4eirGbjQDv/66GFyNmrqASgSMBn816eFR7lQS5YNvFQ0/\n3DWx1WviHGo980YLeVGYqCwN55wicomAslHM4VljtquGJyczdE7+uQ5r5gjqUjYc\nqULXrLmz3pRVIP0ln1TU8xWQPqMpFZtttRMGQdASmOUS4weFvGTip7X5h7aPQvj9\n+FMT95ge0rd2L8RRlYST5xd8PN/1xxyckdDX1Cg1AAAAAwEAAQAAAQAP4rUvToXC\nLN8+rkcrgJJrvHrYHCFxYImeee1UERxHBkSjpj0naLV/7qp1zwNnkKI23lYhH6gE\nQiIAwswHRhdzlVLM9eFS7PotciIwgHOxxF/NsVONJs9N1++0g2aQkZGLRFhYgWlp\n5aB80vShSiQauZtL7tLd2oS5Xvh0dibCjWmq32vMQOn4BizOF/MHc6UJAp7TF/e5\nP/FdbU5fgjjnSe4eOgyG/y9B0rih50DZJGL0NcXkx0KvqzlRU305sg+pZu1EQf8g\nYjsA/6AnLAwnjASIhfZrx+6BM6lmIcrn8KTA0aHyJ2mJHcI2lMT+cu+27ALcZNhA\nQuqMyjN2UglBAAAAgGqgQPxhlob/HhR95Hr0iLcSN6WEAylnqtAaQTQB20oBc9cT\nSuLPUxPQumZxBDETuae2uM+uOtC2kRseLAUCR1oSAGulNQ2w/223Okqu+/PZpM2g\n9jqMumFwe8why+9ASgWUjgB4Um/OnuUN6Oo7Uyuzoyu85Saie8hg1GPmGgCFAAAA\ngQDP3Z/6/UGwVN0/jNFovVd6/dFAfsAcUZ2QJWDQ1XeZHbug9SKRNSgq5b1iUAnf\nMpdLWePZKpQlU6K+Rv1kaZOkpMXw7V0XPYYctOA/mBbEoPcx5uPJeaDZqA5U6+gh\ncJV2MBC2+JAt4U42qRK+iXhg1zzWplplc6/xWKmY+l0caQAAAIEA18gJctBKvX4/\nY7jw36hRucwOKOwB5URlMJ3PUK2hDVO7N7X53moEhqDeRRz8Lzcd6v5d7DG+Crp0\nJXoSFMNQegNCI40c2wEhOoLzR3ZCVq87rPHQPbaznXKDjZwtXhIz/JSWaICtTylM\nhiD/OjRXd5U2dISOcEr63xtgaMj6o+0AAAAAAQID\n-----END OPENSSH PRIVATE KEY-----\n",
            "private_key_pem": "-----BEGIN RSA PRIVATE KEY-----\nMIIEowIBAAKCAQEArzWOLMs52P5sjNx+OWAoguzlZmhT/aw0AH9YaAWHi5zk8LNC\nrXJhvXydA/DjErMhUyyXSOMu9Pom5kVPywNOOZerT4+QtTh8h0thORHYSWqnxMQr\nBH8HWi7w8LXFZ9YKuHoqxm40A7/+uhhcjZq6gEoEjAZ/NenhUe5UEuWDbxUNP9w1\nsdVr4hxqPfNGC3lRmKgsDeecInKJgLJRzOFZY7arhicnM3RO/rkOa+YI6lI2HKlC\n16y5s96UVSD9JZ9U1PMVkD6jKRWbbbUTBkHQEpjlEuMHhbxk4qe1+Ye2j0L4/fhT\nE/eYHtK3di/EUZWEk+cXfDzf9cccnJHQ19QoNQIDAQABAoIBAA/itS9OhcIs3z6u\nRyuAkmu8etgcIXFgiZ557VQRHEcGRKOmPSdotX/uqnXPA2eQojbeViEfqARCIgDC\nzAdGF3OVUsz14VLs+i1yIjCAc7HEX82xU40mz03X77SDZpCRkYtEWFiBaWnloHzS\n9KFKJBq5m0vu0t3ahLle+HR2JsKNaarfa8xA6fgGLM4X8wdzpQkCntMX97k/8V1t\nTl+COOdJ7h46DIb/L0HSuKHnQNkkYvQ1xeTHQq+rOVFTfTmyD6lm7URB/yBiOwD/\noCcsDCeMBIiF9mvH7oEzqWYhyufwpMDRofInaYkdwjaUxP5y77bsAtxk2EBC6ozK\nM3ZSCUECgYEAz92f+v1BsFTdP4zRaL1Xev3RQH7AHFGdkCVg0NV3mR27oPUikTUo\nKuW9YlAJ3zKXS1nj2SqUJVOivkb9ZGmTpKTF8O1dFz2GHLTgP5gWxKD3MebjyXmg\n2agOVOvoIXCVdjAQtviQLeFONqkSvol4YNc81qZaZXOv8VipmPpdHGkCgYEA18gJ\nctBKvX4/Y7jw36hRucwOKOwB5URlMJ3PUK2hDVO7N7X53moEhqDeRRz8Lzcd6v5d\n7DG+Crp0JXoSFMNQegNCI40c2wEhOoLzR3ZCVq87rPHQPbaznXKDjZwtXhIz/JSW\naICtTylMhiD/OjRXd5U2dISOcEr63xtgaMj6o+0CgYEAv3vV6Axs+tbyiZxbPDVP\n5Qj0PomEx5GXqDYGndpHtlFhisDG+yUQv5Orhmlc7rNYFB3WezNyDYCiJs6Wlm17\niOwRPAQtAT+3z7H/8hVUxAXUMbAUnoDg4CCkMy6uRD/GL33Pp/4KM3md51SQ490X\ne35LmSDdnR+ZMKcQdNAN/iECgYBEDz0jsJ0SXcKiso+PC+kTIFCLCb2jUcpU5kGg\nodM9f956OPSh+XCKAi15QSYtwkW2fBqlyB64BY1i0LjpQZ2djm+LBRRH43hWmz0e\nmidcbhL1fqP/AyRuEdN6k/sfQ8CP91Hljkibwlv3pmq6Mg4wkqjFYZYHxy6PtnPX\nOSUNFQKBgGqgQPxhlob/HhR95Hr0iLcSN6WEAylnqtAaQTQB20oBc9cTSuLPUxPQ\numZxBDETuae2uM+uOtC2kRseLAUCR1oSAGulNQ2w/223Okqu+/PZpM2g9jqMumFw\ne8why+9ASgWUjgB4Um/OnuUN6Oo7Uyuzoyu85Saie8hg1GPmGgCF\n-----END RSA PRIVATE KEY-----\n",
            "private_key_pem_pkcs8": "-----BEGIN PRIVATE KEY-----\nMIIEvQIBADANBgkqhkiG9w0BAQEFAASCBKcwggSjAgEAAoIBAQCvNY4syznY/myM\n3H45YCiC7OVmaFP9rDQAf1hoBYeLnOTws0KtcmG9fJ0D8OMSsyFTLJdI4y70+ibm\nRU/LA045l6tPj5C1OHyHS2E5EdhJaqfExCsEfwdaLvDwtcVn1gq4eirGbjQDv/66\nGFyNmrqASgSMBn816eFR7lQS5YNvFQ0/3DWx1WviHGo980YLeVGYqCwN55wicomA\nslHM4VljtquGJyczdE7+uQ5r5gjqUjYcqULXrLmz3pRVIP0ln1TU8xWQPqMpFZtt\ntRMGQdASmOUS4weFvGTip7X5h7aPQvj9+FMT95ge0rd2L8RRlYST5xd8PN/1xxyc\nkdDX1Cg1AgMBAAECggEAD+K1L06FwizfPq5HK4CSa7x62BwhcWCJnnntVBEcRwZE\no6Y9J2i1f+6qdc8DZ5CiNt5WIR+oBEIiAMLMB0YXc5VSzPXhUuz6LXIiMIBzscRf\nzbFTjSbPTdfvtINmkJGRi0RYWIFpaeWgfNL0oUokGrmbS+7S3dqEuV74dHYmwo1p\nqt9rzEDp+AYszhfzB3OlCQKe0xf3uT/xXW1OX4I450nuHjoMhv8vQdK4oedA2SRi\n9DXF5MdCr6s5UVN9ObIPqWbtREH/IGI7AP+gJywMJ4wEiIX2a8fugTOpZiHK5/Ck\nwNGh8idpiR3CNpTE/nLvtuwC3GTYQELqjMozdlIJQQKBgQDP3Z/6/UGwVN0/jNFo\nvVd6/dFAfsAcUZ2QJWDQ1XeZHbug9SKRNSgq5b1iUAnfMpdLWePZKpQlU6K+Rv1k\naZOkpMXw7V0XPYYctOA/mBbEoPcx5uPJeaDZqA5U6+ghcJV2MBC2+JAt4U42qRK+\niXhg1zzWplplc6/xWKmY+l0caQKBgQDXyAly0Eq9fj9juPDfqFG5zA4o7AHlRGUw\nnc9QraENU7s3tfneagSGoN5FHPwvNx3q/l3sMb4KunQlehIUw1B6A0IjjRzbASE6\ngvNHdkJWrzus8dA9trOdcoONnC1eEjP8lJZogK1PKUyGIP86NFd3lTZ0hI5wSvrf\nG2BoyPqj7QKBgQC/e9XoDGz61vKJnFs8NU/lCPQ+iYTHkZeoNgad2ke2UWGKwMb7\nJRC/k6uGaVzus1gUHdZ7M3INgKImzpaWbXuI7BE8BC0BP7fPsf/yFVTEBdQxsBSe\ngODgIKQzLq5EP8Yvfc+n/gozeZ3nVJDj3Rd7fkuZIN2dH5kwpxB00A3+IQKBgEQP\nPSOwnRJdwqKyj48L6RMgUIsJvaNRylTmQaCh0z1/3no49KH5cIoCLXlBJi3CRbZ8\nGqXIHrgFjWLQuOlBnZ2Ob4sFFEfjeFabPR6aJ1xuEvV+o/8DJG4R03qT+x9DwI/3\nUeWOSJvCW/emaroyDjCSqMVhlgfHLo+2c9c5JQ0VAoGAaqBA/GGWhv8eFH3kevSI\ntxI3pYQDKWeq0BpBNAHbSgFz1xNK4s9TE9C6ZnEEMRO5p7a4z6460LaRGx4sBQJH\nWhIAa6U1DbD/bbc6Sq7789mkzaD2Ooy6YXB7zCHL70BKBZSOAHhSb86e5Q3o6jtT\nK7OjK7zlJqJ7yGDUY+YaAIU=\n-----END PRIVATE KEY-----\n",
            "public_key_fingerprint_md5": "e4:51:18:ff:0c:00:30:cf:82:b0:40:ea:f0:fc:c9:31",
            "public_key_fingerprint_sha256": "SHA256:xNpUtmyYR8T5T7maN2wMRmgZ4WRmQZHOuFaEhArWw+A",
            "public_key_openssh": "ssh-rsa AAAAB3NzaC1yc2EAAAADAQABAAABAQCvNY4syznY/myM3H45YCiC7OVmaFP9rDQAf1hoBYeLnOTws0KtcmG9fJ0D8OMSsyFTLJdI4y70+ibmRU/LA045l6tPj5C1OHyHS2E5EdhJaqfExCsEfwdaLvDwtcVn1gq4eirGbjQDv/66GFyNmrqASgSMBn816eFR7lQS5YNvFQ0/3DWx1WviHGo980YLeVGYqCwN55wicomAslHM4VljtquGJyczdE7+uQ5r5gjqUjYcqULXrLmz3pRVIP0ln1TU8xWQPqMpFZtttRMGQdASmOUS4weFvGTip7X5h7aPQvj9+FMT95ge0rd2L8RRlYST5xd8PN/1xxyckdDX1Cg1\n",
            "public_key_pem": "-----BEGIN PUBLIC KEY-----\nMIIBIjANBgkqhkiG9w0BAQEFAAOCAQ8AMIIBCgKCAQEArzWOLMs52P5sjNx+OWAo\nguzlZmhT/aw0AH9YaAWHi5zk8LNCrXJhvXydA/DjErMhUyyXSOMu9Pom5kVPywNO\nOZerT4+QtTh8h0thORHYSWqnxMQrBH8HWi7w8LXFZ9YKuHoqxm40A7/+uhhcjZq6\ngEoEjAZ/NenhUe5UEuWDbxUNP9w1sdVr4hxqPfNGC3lRmKgsDeecInKJgLJRzOFZ\nY7arhicnM3RO/rkOa+YI6lI2HKlC16y5s96UVSD9JZ9U1PMVkD6jKRWbbbUTBkHQ\nEpjlEuMHhbxk4qe1+Ye2j0L4/fhTE/eYHtK3di/EUZWEk+cXfDzf9cccnJHQ19Qo\nNQIDAQAB\n-----END PUBLIC KEY-----\n",
            "rsa_bits": 2048
          },
          "sensitive_attributes": []
        }
      ]
    },
    {
      "module": "module.bastion[0]",
      "mode": "managed",
      "type": "oci_bastion_bastion",
      "name": "bastion-service",
      "provider": "provider[\"registry.terraform.io/hashicorp/oci\"]",
      "instances": [
        {
          "schema_version": 0,
          "attributes": {
            "bastion_type": "STANDARD",
            "client_cidr_block_allow_list": [
              "0.0.0.0/0"
            ],
            "compartment_id": "ocid1.compartment.oc1..aaaaaaaak4br2cpp6gggpquw6omq7ocf2kinkz3qi5oyjbispxped525cdga",
            "defined_tags": {
              "Oracle-Tags.CreatedBy": "default/michael.prestin@oracle.com",
              "Oracle-Tags.CreatedOn": "2023-04-03T19:53:18.843Z"
            },
            "dns_proxy_status": "DISABLED",
            "freeform_tags": {},
            "id": "ocid1.bastion.oc1.iad.amaaaaaa22cz7wqahhpoel24fecko2dc7qby74aiyfihy7gkv5xvcklusdra",
            "lifecycle_details": null,
            "max_session_ttl_in_seconds": 10800,
            "max_sessions_allowed": 20,
            "name": "BastionService",
            "phone_book_entry": null,
            "private_endpoint_ip_address": "10.0.1.155",
            "state": "ACTIVE",
            "static_jump_host_ip_addresses": [],
            "system_tags": {},
            "target_subnet_id": "ocid1.subnet.oc1.iad.aaaaaaaa4qnhb4vni57wep5kj63azxskvaf7kstau2hfingjpfrpw57mudca",
            "target_vcn_id": "ocid1.vcn.oc1.iad.amaaaaaa22cz7wqajbliob4k4bpirq3nczf6nyti3rpcbe5xug5nnjpjmeoq",
            "time_created": "2023-04-03 19:53:23.207 +0000 UTC",
            "time_updated": "2023-04-03 19:54:39.291 +0000 UTC",
            "timeouts": null
          },
          "sensitive_attributes": [],
          "private": "eyJlMmJmYjczMC1lY2FhLTExZTYtOGY4OC0zNDM2M2JjN2M0YzAiOnsiY3JlYXRlIjoxMjAwMDAwMDAwMDAwLCJkZWxldGUiOjEyMDAwMDAwMDAwMDAsInVwZGF0ZSI6MTIwMDAwMDAwMDAwMH19",
          "dependencies": [
            "module.network.data.oci_core_services.net_services",
            "module.network.oci_core_internet_gateway.internet_gateway",
            "module.network.oci_core_nat_gateway.nat_gateway",
            "module.network.oci_core_route_table.private_subnet_route_table",
            "module.network.oci_core_route_table.public_subnet_route_table",
            "module.network.oci_core_security_list.private_subnet_securitylist",
            "module.network.oci_core_security_list.public_subnet_securitylist",
            "module.network.oci_core_service_gateway.service_gateway",
            "module.network.oci_core_subnet.private_subnet",
            "module.network.oci_core_subnet.public_subnet",
            "module.network.oci_core_vcn.vcn"
          ]
        }
      ]
    },
    {
      "module": "module.instance-pool1[0]",
      "mode": "data",
      "type": "oci_core_images",
      "name": "ImageOCID",
      "provider": "provider[\"registry.terraform.io/hashicorp/oci\"]",
      "instances": [
        {
          "schema_version": 0,
          "attributes": {
            "compartment_id": "ocid1.compartment.oc1..aaaaaaaak4br2cpp6gggpquw6omq7ocf2kinkz3qi5oyjbispxped525cdga",
            "display_name": null,
            "filter": null,
            "id": "CoreImagesDataSource-2850296665",
            "images": [
              {
                "agent_features": [],
                "base_image_id": "",
                "billable_size_in_gbs": "5",
                "compartment_id": "",
                "create_image_allowed": true,
                "defined_tags": {},
                "display_name": "Oracle-Linux-8.7-2023.01.31-3",
                "freeform_tags": {},
                "id": "ocid1.image.oc1.iad.aaaaaaaayrldglwozuedpvfllelnmthkcbd5irmjyeih56a4tslst2rne6jq",
                "image_source_details": [],
                "instance_id": "",
                "launch_mode": "NATIVE",
                "launch_options": [
                  {
                    "boot_volume_type": "PARAVIRTUALIZED",
                    "firmware": "UEFI_64",
                    "is_consistent_volume_naming_enabled": true,
                    "is_pv_encryption_in_transit_enabled": true,
                    "network_type": "PARAVIRTUALIZED",
                    "remote_data_volume_type": "PARAVIRTUALIZED"
                  }
                ],
                "listing_type": "",
                "operating_system": "Oracle Linux",
                "operating_system_version": "8",
                "size_in_mbs": "47694",
                "state": "AVAILABLE",
                "time_created": "2023-02-16 23:18:43.145 +0000 UTC"
              },
              {
                "agent_features": [],
                "base_image_id": "",
                "billable_size_in_gbs": "6",
                "compartment_id": "",
                "create_image_allowed": true,
                "defined_tags": {},
                "display_name": "Oracle-Linux-8.6-2022.12.15-0",
                "freeform_tags": {},
                "id": "ocid1.image.oc1.iad.aaaaaaaa4m3bxzwpfcrthy3x74rozkmsxpnru4zcmlmta3yehg3rptvui7jq",
                "image_source_details": [],
                "instance_id": "",
                "launch_mode": "NATIVE",
                "launch_options": [
                  {
                    "boot_volume_type": "PARAVIRTUALIZED",
                    "firmware": "UEFI_64",
                    "is_consistent_volume_naming_enabled": true,
                    "is_pv_encryption_in_transit_enabled": true,
                    "network_type": "PARAVIRTUALIZED",
                    "remote_data_volume_type": "PARAVIRTUALIZED"
                  }
                ],
                "listing_type": "",
                "operating_system": "Oracle Linux",
                "operating_system_version": "8",
                "size_in_mbs": "47694",
                "state": "AVAILABLE",
                "time_created": "2022-12-20 21:32:52.879 +0000 UTC"
              },
              {
                "agent_features": [],
                "base_image_id": "",
                "billable_size_in_gbs": "6",
                "compartment_id": "",
                "create_image_allowed": true,
                "defined_tags": {},
                "display_name": "Oracle-Linux-8.6-2022.11.21-0",
                "freeform_tags": {},
                "id": "ocid1.image.oc1.iad.aaaaaaaak6w63p4ddsxlh2hgqh2vycoivsdevwy2utwsqjxwcvsj4vfstlqa",
                "image_source_details": [],
                "instance_id": "",
                "launch_mode": "NATIVE",
                "launch_options": [
                  {
                    "boot_volume_type": "PARAVIRTUALIZED",
                    "firmware": "UEFI_64",
                    "is_consistent_volume_naming_enabled": true,
                    "is_pv_encryption_in_transit_enabled": true,
                    "network_type": "PARAVIRTUALIZED",
                    "remote_data_volume_type": "PARAVIRTUALIZED"
                  }
                ],
                "listing_type": "",
                "operating_system": "Oracle Linux",
                "operating_system_version": "8",
                "size_in_mbs": "47694",
                "state": "AVAILABLE",
                "time_created": "2022-12-05 15:49:16.189 +0000 UTC"
              }
            ],
            "operating_system": "Oracle Linux",
            "operating_system_version": "8",
            "shape": "VM.Standard.E4.Flex",
            "sort_by": null,
            "sort_order": null,
            "state": null
          },
          "sensitive_attributes": []
        }
      ]
    },
    {
      "module": "module.instance-pool1[0]",
      "mode": "data",
      "type": "oci_identity_availability_domain",
      "name": "AD",
      "provider": "provider[\"registry.terraform.io/hashicorp/oci\"]",
      "instances": [
        {
          "schema_version": 0,
          "attributes": {
            "ad_number": 1,
            "compartment_id": "ocid1.tenancy.oc1..aaaaaaaaifplmln563scofwisfcqcqsuqyvqc5is2k7ia35227hpudxmxwgq",
            "id": "ocid1.availabilitydomain.oc1..aaaaaaaatrwxaogr7dl4yschqtrmqrdv6uzis3mgbnomiagqrfhcb7mxsfdq",
            "name": "ZyrR:US-ASHBURN-AD-1"
          },
          "sensitive_attributes": []
        }
      ]
    },
    {
      "module": "module.instance-pool1[0]",
      "mode": "managed",
      "type": "oci_core_instance",
      "name": "instance",
      "provider": "provider[\"registry.terraform.io/hashicorp/oci\"]",
      "instances": [
        {
          "index_key": 0,
          "schema_version": 0,
          "attributes": {
            "agent_config": [
              {
                "are_all_plugins_disabled": false,
                "is_management_disabled": false,
                "is_monitoring_disabled": false,
                "plugins_config": []
              }
            ],
            "async": true,
            "availability_config": [
              {
                "is_live_migration_preferred": false,
                "recovery_action": "RESTORE_INSTANCE"
              }
            ],
            "availability_domain": "ZyrR:US-ASHBURN-AD-1",
            "boot_volume_id": null,
            "capacity_reservation_id": null,
            "compartment_id": "ocid1.compartment.oc1..aaaaaaaak4br2cpp6gggpquw6omq7ocf2kinkz3qi5oyjbispxped525cdga",
            "compute_cluster_id": null,
            "create_vnic_details": [
              {
                "assign_private_dns_record": false,
                "assign_public_ip": "false",
                "defined_tags": {},
                "display_name": "",
                "freeform_tags": {},
                "hostname_label": "",
                "nsg_ids": null,
                "private_ip": "",
                "skip_source_dest_check": false,
                "subnet_id": "ocid1.subnet.oc1.iad.aaaaaaaa4qnhb4vni57wep5kj63azxskvaf7kstau2hfingjpfrpw57mudca",
                "vlan_id": ""
              }
            ],
            "dedicated_vm_host_id": null,
            "defined_tags": {
              "Oracle-Tags.CreatedBy": "default/michael.prestin@oracle.com",
              "Oracle-Tags.CreatedOn": "2023-04-03T20:05:19.640Z"
            },
            "display_name": "test1-1",
            "extended_metadata": null,
            "fault_domain": "FAULT-DOMAIN-1",
            "freeform_tags": {},
            "hostname_label": null,
            "id": "ocid1.instance.oc1.iad.anuwcljt22cz7wqce4dmsgbayfutjhldvweusb6isqib665qpxvyukhcvt6q",
            "image": "ocid1.image.oc1.iad.aaaaaaaayrldglwozuedpvfllelnmthkcbd5irmjyeih56a4tslst2rne6jq",
            "instance_options": [
              {
                "are_legacy_imds_endpoints_disabled": false
              }
            ],
            "ipxe_script": null,
            "is_pv_encryption_in_transit_enabled": null,
            "launch_mode": "PARAVIRTUALIZED",
            "launch_options": [
              {
                "boot_volume_type": "PARAVIRTUALIZED",
                "firmware": "UEFI_64",
                "is_consistent_volume_naming_enabled": true,
                "is_pv_encryption_in_transit_enabled": false,
                "network_type": "PARAVIRTUALIZED",
                "remote_data_volume_type": "PARAVIRTUALIZED"
              }
            ],
            "metadata": {
              "ssh_authorized_keys": "ssh-rsa AAAAB3NzaC1yc2EAAAADAQABAAABAQCvNY4syznY/myM3H45YCiC7OVmaFP9rDQAf1hoBYeLnOTws0KtcmG9fJ0D8OMSsyFTLJdI4y70+ibmRU/LA045l6tPj5C1OHyHS2E5EdhJaqfExCsEfwdaLvDwtcVn1gq4eirGbjQDv/66GFyNmrqASgSMBn816eFR7lQS5YNvFQ0/3DWx1WviHGo980YLeVGYqCwN55wicomAslHM4VljtquGJyczdE7+uQ5r5gjqUjYcqULXrLmz3pRVIP0ln1TU8xWQPqMpFZtttRMGQdASmOUS4weFvGTip7X5h7aPQvj9+FMT95ge0rd2L8RRlYST5xd8PN/1xxyckdDX1Cg1\n",
              "user_data": "IyEvYmluL2Jhc2gK"
            },
            "platform_config": [],
            "preemptible_instance_config": [
              {
                "preemption_action": [
                  {
                    "preserve_boot_volume": false,
                    "type": "TERMINATE"
                  }
                ]
              }
            ],
            "preserve_boot_volume": null,
            "private_ip": null,
            "public_ip": null,
            "region": "iad",
            "shape": "VM.Standard.E4.Flex",
            "shape_config": [
              {
                "baseline_ocpu_utilization": "",
                "gpu_description": "",
                "gpus": 0,
                "local_disk_description": "",
                "local_disks": 0,
                "local_disks_total_size_in_gbs": 0,
                "max_vnic_attachments": 2,
                "memory_in_gbs": 16,
                "networking_bandwidth_in_gbps": 2,
                "nvmes": 0,
                "ocpus": 2,
                "processor_description": "2.55 GHz AMD EPYC™ 7J13 (Milan)"
              }
            ],
            "source_details": [
              {
                "boot_volume_size_in_gbs": "",
                "boot_volume_vpus_per_gb": "10",
                "kms_key_id": "",
                "source_id": "ocid1.image.oc1.iad.aaaaaaaayrldglwozuedpvfllelnmthkcbd5irmjyeih56a4tslst2rne6jq",
                "source_type": "image"
              }
            ],
            "state": "PROVISIONING",
            "subnet_id": null,
            "system_tags": {},
            "time_created": "2023-04-03 20:05:20.188 +0000 UTC",
            "time_maintenance_reboot_due": "",
            "timeouts": null,
            "update_operation_constraint": null
          },
          "sensitive_attributes": [],
          "private": "eyJlMmJmYjczMC1lY2FhLTExZTYtOGY4OC0zNDM2M2JjN2M0YzAiOnsiY3JlYXRlIjoyNzAwMDAwMDAwMDAwLCJkZWxldGUiOjQ1MDAwMDAwMDAwMDAsInVwZGF0ZSI6MjcwMDAwMDAwMDAwMH19",
          "dependencies": [
            "module.instance-pool1.data.oci_core_images.ImageOCID",
            "module.instance-pool1.data.oci_identity_availability_domain.AD",
            "module.network.data.oci_core_services.net_services",
            "module.network.oci_core_internet_gateway.internet_gateway",
            "module.network.oci_core_nat_gateway.nat_gateway",
            "module.network.oci_core_route_table.private_subnet_route_table",
            "module.network.oci_core_route_table.public_subnet_route_table",
            "module.network.oci_core_security_list.private_subnet_securitylist",
            "module.network.oci_core_security_list.public_subnet_securitylist",
            "module.network.oci_core_service_gateway.service_gateway",
            "module.network.oci_core_subnet.private_subnet",
            "module.network.oci_core_subnet.public_subnet",
            "module.network.oci_core_vcn.vcn",
            "tls_private_key.ssh_key"
          ]
        },
        {
          "index_key": 1,
          "schema_version": 0,
          "attributes": {
            "agent_config": [
              {
                "are_all_plugins_disabled": false,
                "is_management_disabled": false,
                "is_monitoring_disabled": false,
                "plugins_config": []
              }
            ],
            "async": true,
            "availability_config": [
              {
                "is_live_migration_preferred": false,
                "recovery_action": "RESTORE_INSTANCE"
              }
            ],
            "availability_domain": "ZyrR:US-ASHBURN-AD-1",
            "boot_volume_id": null,
            "capacity_reservation_id": null,
            "compartment_id": "ocid1.compartment.oc1..aaaaaaaak4br2cpp6gggpquw6omq7ocf2kinkz3qi5oyjbispxped525cdga",
            "compute_cluster_id": null,
            "create_vnic_details": [
              {
                "assign_private_dns_record": false,
                "assign_public_ip": "false",
                "defined_tags": {},
                "display_name": "",
                "freeform_tags": {},
                "hostname_label": "",
                "nsg_ids": null,
                "private_ip": "",
                "skip_source_dest_check": false,
                "subnet_id": "ocid1.subnet.oc1.iad.aaaaaaaa4qnhb4vni57wep5kj63azxskvaf7kstau2hfingjpfrpw57mudca",
                "vlan_id": ""
              }
            ],
            "dedicated_vm_host_id": null,
            "defined_tags": {
              "Oracle-Tags.CreatedBy": "default/michael.prestin@oracle.com",
              "Oracle-Tags.CreatedOn": "2023-04-03T20:05:19.515Z"
            },
            "display_name": "test1-2",
            "extended_metadata": null,
            "fault_domain": "FAULT-DOMAIN-1",
            "freeform_tags": {},
            "hostname_label": null,
            "id": "ocid1.instance.oc1.iad.anuwcljt22cz7wqcok6k2gd45hmqg3uusmde3dgjli7rhdtst2f6giqvrwwq",
            "image": "ocid1.image.oc1.iad.aaaaaaaayrldglwozuedpvfllelnmthkcbd5irmjyeih56a4tslst2rne6jq",
            "instance_options": [
              {
                "are_legacy_imds_endpoints_disabled": false
              }
            ],
            "ipxe_script": null,
            "is_pv_encryption_in_transit_enabled": null,
            "launch_mode": "PARAVIRTUALIZED",
            "launch_options": [
              {
                "boot_volume_type": "PARAVIRTUALIZED",
                "firmware": "UEFI_64",
                "is_consistent_volume_naming_enabled": true,
                "is_pv_encryption_in_transit_enabled": false,
                "network_type": "PARAVIRTUALIZED",
                "remote_data_volume_type": "PARAVIRTUALIZED"
              }
            ],
            "metadata": {
              "ssh_authorized_keys": "ssh-rsa AAAAB3NzaC1yc2EAAAADAQABAAABAQCvNY4syznY/myM3H45YCiC7OVmaFP9rDQAf1hoBYeLnOTws0KtcmG9fJ0D8OMSsyFTLJdI4y70+ibmRU/LA045l6tPj5C1OHyHS2E5EdhJaqfExCsEfwdaLvDwtcVn1gq4eirGbjQDv/66GFyNmrqASgSMBn816eFR7lQS5YNvFQ0/3DWx1WviHGo980YLeVGYqCwN55wicomAslHM4VljtquGJyczdE7+uQ5r5gjqUjYcqULXrLmz3pRVIP0ln1TU8xWQPqMpFZtttRMGQdASmOUS4weFvGTip7X5h7aPQvj9+FMT95ge0rd2L8RRlYST5xd8PN/1xxyckdDX1Cg1\n",
              "user_data": "IyEvYmluL2Jhc2gK"
            },
            "platform_config": [],
            "preemptible_instance_config": [
              {
                "preemption_action": [
                  {
                    "preserve_boot_volume": false,
                    "type": "TERMINATE"
                  }
                ]
              }
            ],
            "preserve_boot_volume": null,
            "private_ip": null,
            "public_ip": null,
            "region": "iad",
            "shape": "VM.Standard.E4.Flex",
            "shape_config": [
              {
                "baseline_ocpu_utilization": "",
                "gpu_description": "",
                "gpus": 0,
                "local_disk_description": "",
                "local_disks": 0,
                "local_disks_total_size_in_gbs": 0,
                "max_vnic_attachments": 2,
                "memory_in_gbs": 16,
                "networking_bandwidth_in_gbps": 2,
                "nvmes": 0,
                "ocpus": 2,
                "processor_description": "2.55 GHz AMD EPYC™ 7J13 (Milan)"
              }
            ],
            "source_details": [
              {
                "boot_volume_size_in_gbs": "",
                "boot_volume_vpus_per_gb": "10",
                "kms_key_id": "",
                "source_id": "ocid1.image.oc1.iad.aaaaaaaayrldglwozuedpvfllelnmthkcbd5irmjyeih56a4tslst2rne6jq",
                "source_type": "image"
              }
            ],
            "state": "PROVISIONING",
            "subnet_id": null,
            "system_tags": {},
            "time_created": "2023-04-03 20:05:21.554 +0000 UTC",
            "time_maintenance_reboot_due": "",
            "timeouts": null,
            "update_operation_constraint": null
          },
          "sensitive_attributes": [],
          "private": "eyJlMmJmYjczMC1lY2FhLTExZTYtOGY4OC0zNDM2M2JjN2M0YzAiOnsiY3JlYXRlIjoyNzAwMDAwMDAwMDAwLCJkZWxldGUiOjQ1MDAwMDAwMDAwMDAsInVwZGF0ZSI6MjcwMDAwMDAwMDAwMH19",
          "dependencies": [
            "module.instance-pool1.data.oci_core_images.ImageOCID",
            "module.instance-pool1.data.oci_identity_availability_domain.AD",
            "module.network.data.oci_core_services.net_services",
            "module.network.oci_core_internet_gateway.internet_gateway",
            "module.network.oci_core_nat_gateway.nat_gateway",
            "module.network.oci_core_route_table.private_subnet_route_table",
            "module.network.oci_core_route_table.public_subnet_route_table",
            "module.network.oci_core_security_list.private_subnet_securitylist",
            "module.network.oci_core_security_list.public_subnet_securitylist",
            "module.network.oci_core_service_gateway.service_gateway",
            "module.network.oci_core_subnet.private_subnet",
            "module.network.oci_core_subnet.public_subnet",
            "module.network.oci_core_vcn.vcn",
            "tls_private_key.ssh_key"
          ]
        },
        {
          "index_key": 2,
          "schema_version": 0,
          "attributes": {
            "agent_config": [
              {
                "are_all_plugins_disabled": false,
                "is_management_disabled": false,
                "is_monitoring_disabled": false,
                "plugins_config": []
              }
            ],
            "async": true,
            "availability_config": [
              {
                "is_live_migration_preferred": false,
                "recovery_action": "RESTORE_INSTANCE"
              }
            ],
            "availability_domain": "ZyrR:US-ASHBURN-AD-1",
            "boot_volume_id": null,
            "capacity_reservation_id": null,
            "compartment_id": "ocid1.compartment.oc1..aaaaaaaak4br2cpp6gggpquw6omq7ocf2kinkz3qi5oyjbispxped525cdga",
            "compute_cluster_id": null,
            "create_vnic_details": [
              {
                "assign_private_dns_record": false,
                "assign_public_ip": "false",
                "defined_tags": {},
                "display_name": "",
                "freeform_tags": {},
                "hostname_label": "",
                "nsg_ids": null,
                "private_ip": "",
                "skip_source_dest_check": false,
                "subnet_id": "ocid1.subnet.oc1.iad.aaaaaaaa4qnhb4vni57wep5kj63azxskvaf7kstau2hfingjpfrpw57mudca",
                "vlan_id": ""
              }
            ],
            "dedicated_vm_host_id": null,
            "defined_tags": {
              "Oracle-Tags.CreatedBy": "default/michael.prestin@oracle.com",
              "Oracle-Tags.CreatedOn": "2023-04-03T20:05:19.108Z"
            },
            "display_name": "test1-3",
            "extended_metadata": null,
            "fault_domain": "FAULT-DOMAIN-1",
            "freeform_tags": {},
            "hostname_label": null,
            "id": "ocid1.instance.oc1.iad.anuwcljt22cz7wqcnafytqboqjzuhffcq4cgtqlgzd7s5r2jtdcqxuellbea",
            "image": "ocid1.image.oc1.iad.aaaaaaaayrldglwozuedpvfllelnmthkcbd5irmjyeih56a4tslst2rne6jq",
            "instance_options": [
              {
                "are_legacy_imds_endpoints_disabled": false
              }
            ],
            "ipxe_script": null,
            "is_pv_encryption_in_transit_enabled": null,
            "launch_mode": "PARAVIRTUALIZED",
            "launch_options": [
              {
                "boot_volume_type": "PARAVIRTUALIZED",
                "firmware": "UEFI_64",
                "is_consistent_volume_naming_enabled": true,
                "is_pv_encryption_in_transit_enabled": false,
                "network_type": "PARAVIRTUALIZED",
                "remote_data_volume_type": "PARAVIRTUALIZED"
              }
            ],
            "metadata": {
              "ssh_authorized_keys": "ssh-rsa AAAAB3NzaC1yc2EAAAADAQABAAABAQCvNY4syznY/myM3H45YCiC7OVmaFP9rDQAf1hoBYeLnOTws0KtcmG9fJ0D8OMSsyFTLJdI4y70+ibmRU/LA045l6tPj5C1OHyHS2E5EdhJaqfExCsEfwdaLvDwtcVn1gq4eirGbjQDv/66GFyNmrqASgSMBn816eFR7lQS5YNvFQ0/3DWx1WviHGo980YLeVGYqCwN55wicomAslHM4VljtquGJyczdE7+uQ5r5gjqUjYcqULXrLmz3pRVIP0ln1TU8xWQPqMpFZtttRMGQdASmOUS4weFvGTip7X5h7aPQvj9+FMT95ge0rd2L8RRlYST5xd8PN/1xxyckdDX1Cg1\n",
              "user_data": "IyEvYmluL2Jhc2gK"
            },
            "platform_config": [],
            "preemptible_instance_config": [
              {
                "preemption_action": [
                  {
                    "preserve_boot_volume": false,
                    "type": "TERMINATE"
                  }
                ]
              }
            ],
            "preserve_boot_volume": null,
            "private_ip": null,
            "public_ip": null,
            "region": "iad",
            "shape": "VM.Standard.E4.Flex",
            "shape_config": [
              {
                "baseline_ocpu_utilization": "",
                "gpu_description": "",
                "gpus": 0,
                "local_disk_description": "",
                "local_disks": 0,
                "local_disks_total_size_in_gbs": 0,
                "max_vnic_attachments": 2,
                "memory_in_gbs": 16,
                "networking_bandwidth_in_gbps": 2,
                "nvmes": 0,
                "ocpus": 2,
                "processor_description": "2.55 GHz AMD EPYC™ 7J13 (Milan)"
              }
            ],
            "source_details": [
              {
                "boot_volume_size_in_gbs": "",
                "boot_volume_vpus_per_gb": "10",
                "kms_key_id": "",
                "source_id": "ocid1.image.oc1.iad.aaaaaaaayrldglwozuedpvfllelnmthkcbd5irmjyeih56a4tslst2rne6jq",
                "source_type": "image"
              }
            ],
            "state": "PROVISIONING",
            "subnet_id": null,
            "system_tags": {},
            "time_created": "2023-04-03 20:05:19.858 +0000 UTC",
            "time_maintenance_reboot_due": "",
            "timeouts": null,
            "update_operation_constraint": null
          },
          "sensitive_attributes": [],
          "private": "eyJlMmJmYjczMC1lY2FhLTExZTYtOGY4OC0zNDM2M2JjN2M0YzAiOnsiY3JlYXRlIjoyNzAwMDAwMDAwMDAwLCJkZWxldGUiOjQ1MDAwMDAwMDAwMDAsInVwZGF0ZSI6MjcwMDAwMDAwMDAwMH19",
          "dependencies": [
            "module.instance-pool1.data.oci_core_images.ImageOCID",
            "module.instance-pool1.data.oci_identity_availability_domain.AD",
            "module.network.data.oci_core_services.net_services",
            "module.network.oci_core_internet_gateway.internet_gateway",
            "module.network.oci_core_nat_gateway.nat_gateway",
            "module.network.oci_core_route_table.private_subnet_route_table",
            "module.network.oci_core_route_table.public_subnet_route_table",
            "module.network.oci_core_security_list.private_subnet_securitylist",
            "module.network.oci_core_security_list.public_subnet_securitylist",
            "module.network.oci_core_service_gateway.service_gateway",
            "module.network.oci_core_subnet.private_subnet",
            "module.network.oci_core_subnet.public_subnet",
            "module.network.oci_core_vcn.vcn",
            "tls_private_key.ssh_key"
          ]
        },
        {
          "index_key": 3,
          "schema_version": 0,
          "attributes": {
            "agent_config": [
              {
                "are_all_plugins_disabled": false,
                "is_management_disabled": false,
                "is_monitoring_disabled": false,
                "plugins_config": []
              }
            ],
            "async": true,
            "availability_config": [
              {
                "is_live_migration_preferred": false,
                "recovery_action": "RESTORE_INSTANCE"
              }
            ],
            "availability_domain": "ZyrR:US-ASHBURN-AD-1",
            "boot_volume_id": null,
            "capacity_reservation_id": null,
            "compartment_id": "ocid1.compartment.oc1..aaaaaaaak4br2cpp6gggpquw6omq7ocf2kinkz3qi5oyjbispxped525cdga",
            "compute_cluster_id": null,
            "create_vnic_details": [
              {
                "assign_private_dns_record": false,
                "assign_public_ip": "false",
                "defined_tags": {},
                "display_name": "",
                "freeform_tags": {},
                "hostname_label": "",
                "nsg_ids": null,
                "private_ip": "",
                "skip_source_dest_check": false,
                "subnet_id": "ocid1.subnet.oc1.iad.aaaaaaaa4qnhb4vni57wep5kj63azxskvaf7kstau2hfingjpfrpw57mudca",
                "vlan_id": ""
              }
            ],
            "dedicated_vm_host_id": null,
            "defined_tags": {
              "Oracle-Tags.CreatedBy": "default/michael.prestin@oracle.com",
              "Oracle-Tags.CreatedOn": "2023-04-03T20:05:18.468Z"
            },
            "display_name": "test1-4",
            "extended_metadata": null,
            "fault_domain": "FAULT-DOMAIN-1",
            "freeform_tags": {},
            "hostname_label": null,
            "id": "ocid1.instance.oc1.iad.anuwcljt22cz7wqcakn3d6w4x5nw26kunvjapo2rsp3qr7rgw3fjtkditf5q",
            "image": "ocid1.image.oc1.iad.aaaaaaaayrldglwozuedpvfllelnmthkcbd5irmjyeih56a4tslst2rne6jq",
            "instance_options": [
              {
                "are_legacy_imds_endpoints_disabled": false
              }
            ],
            "ipxe_script": null,
            "is_pv_encryption_in_transit_enabled": null,
            "launch_mode": "PARAVIRTUALIZED",
            "launch_options": [
              {
                "boot_volume_type": "PARAVIRTUALIZED",
                "firmware": "UEFI_64",
                "is_consistent_volume_naming_enabled": true,
                "is_pv_encryption_in_transit_enabled": false,
                "network_type": "PARAVIRTUALIZED",
                "remote_data_volume_type": "PARAVIRTUALIZED"
              }
            ],
            "metadata": {
              "ssh_authorized_keys": "ssh-rsa AAAAB3NzaC1yc2EAAAADAQABAAABAQCvNY4syznY/myM3H45YCiC7OVmaFP9rDQAf1hoBYeLnOTws0KtcmG9fJ0D8OMSsyFTLJdI4y70+ibmRU/LA045l6tPj5C1OHyHS2E5EdhJaqfExCsEfwdaLvDwtcVn1gq4eirGbjQDv/66GFyNmrqASgSMBn816eFR7lQS5YNvFQ0/3DWx1WviHGo980YLeVGYqCwN55wicomAslHM4VljtquGJyczdE7+uQ5r5gjqUjYcqULXrLmz3pRVIP0ln1TU8xWQPqMpFZtttRMGQdASmOUS4weFvGTip7X5h7aPQvj9+FMT95ge0rd2L8RRlYST5xd8PN/1xxyckdDX1Cg1\n",
              "user_data": "IyEvYmluL2Jhc2gK"
            },
            "platform_config": [],
            "preemptible_instance_config": [
              {
                "preemption_action": [
                  {
                    "preserve_boot_volume": false,
                    "type": "TERMINATE"
                  }
                ]
              }
            ],
            "preserve_boot_volume": null,
            "private_ip": null,
            "public_ip": null,
            "region": "iad",
            "shape": "VM.Standard.E4.Flex",
            "shape_config": [
              {
                "baseline_ocpu_utilization": "",
                "gpu_description": "",
                "gpus": 0,
                "local_disk_description": "",
                "local_disks": 0,
                "local_disks_total_size_in_gbs": 0,
                "max_vnic_attachments": 2,
                "memory_in_gbs": 16,
                "networking_bandwidth_in_gbps": 2,
                "nvmes": 0,
                "ocpus": 2,
                "processor_description": "2.55 GHz AMD EPYC™ 7J13 (Milan)"
              }
            ],
            "source_details": [
              {
                "boot_volume_size_in_gbs": "",
                "boot_volume_vpus_per_gb": "10",
                "kms_key_id": "",
                "source_id": "ocid1.image.oc1.iad.aaaaaaaayrldglwozuedpvfllelnmthkcbd5irmjyeih56a4tslst2rne6jq",
                "source_type": "image"
              }
            ],
            "state": "PROVISIONING",
            "subnet_id": null,
            "system_tags": {},
            "time_created": "2023-04-03 20:05:19.565 +0000 UTC",
            "time_maintenance_reboot_due": "",
            "timeouts": null,
            "update_operation_constraint": null
          },
          "sensitive_attributes": [],
          "private": "eyJlMmJmYjczMC1lY2FhLTExZTYtOGY4OC0zNDM2M2JjN2M0YzAiOnsiY3JlYXRlIjoyNzAwMDAwMDAwMDAwLCJkZWxldGUiOjQ1MDAwMDAwMDAwMDAsInVwZGF0ZSI6MjcwMDAwMDAwMDAwMH19",
          "dependencies": [
            "module.instance-pool1.data.oci_core_images.ImageOCID",
            "module.instance-pool1.data.oci_identity_availability_domain.AD",
            "module.network.data.oci_core_services.net_services",
            "module.network.oci_core_internet_gateway.internet_gateway",
            "module.network.oci_core_nat_gateway.nat_gateway",
            "module.network.oci_core_route_table.private_subnet_route_table",
            "module.network.oci_core_route_table.public_subnet_route_table",
            "module.network.oci_core_security_list.private_subnet_securitylist",
            "module.network.oci_core_security_list.public_subnet_securitylist",
            "module.network.oci_core_service_gateway.service_gateway",
            "module.network.oci_core_subnet.private_subnet",
            "module.network.oci_core_subnet.public_subnet",
            "module.network.oci_core_vcn.vcn",
            "tls_private_key.ssh_key"
          ]
        },
        {
          "index_key": 4,
          "schema_version": 0,
          "attributes": {
            "agent_config": [
              {
                "are_all_plugins_disabled": false,
                "is_management_disabled": false,
                "is_monitoring_disabled": false,
                "plugins_config": []
              }
            ],
            "async": true,
            "availability_config": [
              {
                "is_live_migration_preferred": false,
                "recovery_action": "RESTORE_INSTANCE"
              }
            ],
            "availability_domain": "ZyrR:US-ASHBURN-AD-1",
            "boot_volume_id": null,
            "capacity_reservation_id": null,
            "compartment_id": "ocid1.compartment.oc1..aaaaaaaak4br2cpp6gggpquw6omq7ocf2kinkz3qi5oyjbispxped525cdga",
            "compute_cluster_id": null,
            "create_vnic_details": [
              {
                "assign_private_dns_record": false,
                "assign_public_ip": "false",
                "defined_tags": {},
                "display_name": "",
                "freeform_tags": {},
                "hostname_label": "",
                "nsg_ids": null,
                "private_ip": "",
                "skip_source_dest_check": false,
                "subnet_id": "ocid1.subnet.oc1.iad.aaaaaaaa4qnhb4vni57wep5kj63azxskvaf7kstau2hfingjpfrpw57mudca",
                "vlan_id": ""
              }
            ],
            "dedicated_vm_host_id": null,
            "defined_tags": {
              "Oracle-Tags.CreatedBy": "default/michael.prestin@oracle.com",
              "Oracle-Tags.CreatedOn": "2023-04-03T20:05:21.174Z"
            },
            "display_name": "test1-5",
            "extended_metadata": null,
            "fault_domain": "FAULT-DOMAIN-1",
            "freeform_tags": {},
            "hostname_label": null,
            "id": "ocid1.instance.oc1.iad.anuwcljt22cz7wqcpd7l4xjwcd5ed6xt4zn4nzhcf2xnz5rkoomcdquon6mq",
            "image": "ocid1.image.oc1.iad.aaaaaaaayrldglwozuedpvfllelnmthkcbd5irmjyeih56a4tslst2rne6jq",
            "instance_options": [
              {
                "are_legacy_imds_endpoints_disabled": false
              }
            ],
            "ipxe_script": null,
            "is_pv_encryption_in_transit_enabled": null,
            "launch_mode": "PARAVIRTUALIZED",
            "launch_options": [
              {
                "boot_volume_type": "PARAVIRTUALIZED",
                "firmware": "UEFI_64",
                "is_consistent_volume_naming_enabled": true,
                "is_pv_encryption_in_transit_enabled": false,
                "network_type": "PARAVIRTUALIZED",
                "remote_data_volume_type": "PARAVIRTUALIZED"
              }
            ],
            "metadata": {
              "ssh_authorized_keys": "ssh-rsa AAAAB3NzaC1yc2EAAAADAQABAAABAQCvNY4syznY/myM3H45YCiC7OVmaFP9rDQAf1hoBYeLnOTws0KtcmG9fJ0D8OMSsyFTLJdI4y70+ibmRU/LA045l6tPj5C1OHyHS2E5EdhJaqfExCsEfwdaLvDwtcVn1gq4eirGbjQDv/66GFyNmrqASgSMBn816eFR7lQS5YNvFQ0/3DWx1WviHGo980YLeVGYqCwN55wicomAslHM4VljtquGJyczdE7+uQ5r5gjqUjYcqULXrLmz3pRVIP0ln1TU8xWQPqMpFZtttRMGQdASmOUS4weFvGTip7X5h7aPQvj9+FMT95ge0rd2L8RRlYST5xd8PN/1xxyckdDX1Cg1\n",
              "user_data": "IyEvYmluL2Jhc2gK"
            },
            "platform_config": [],
            "preemptible_instance_config": [
              {
                "preemption_action": [
                  {
                    "preserve_boot_volume": false,
                    "type": "TERMINATE"
                  }
                ]
              }
            ],
            "preserve_boot_volume": null,
            "private_ip": null,
            "public_ip": null,
            "region": "iad",
            "shape": "VM.Standard.E4.Flex",
            "shape_config": [
              {
                "baseline_ocpu_utilization": "",
                "gpu_description": "",
                "gpus": 0,
                "local_disk_description": "",
                "local_disks": 0,
                "local_disks_total_size_in_gbs": 0,
                "max_vnic_attachments": 2,
                "memory_in_gbs": 16,
                "networking_bandwidth_in_gbps": 2,
                "nvmes": 0,
                "ocpus": 2,
                "processor_description": "2.55 GHz AMD EPYC™ 7J13 (Milan)"
              }
            ],
            "source_details": [
              {
                "boot_volume_size_in_gbs": "",
                "boot_volume_vpus_per_gb": "10",
                "kms_key_id": "",
                "source_id": "ocid1.image.oc1.iad.aaaaaaaayrldglwozuedpvfllelnmthkcbd5irmjyeih56a4tslst2rne6jq",
                "source_type": "image"
              }
            ],
            "state": "PROVISIONING",
            "subnet_id": null,
            "system_tags": {},
            "time_created": "2023-04-03 20:05:21.73 +0000 UTC",
            "time_maintenance_reboot_due": "",
            "timeouts": null,
            "update_operation_constraint": null
          },
          "sensitive_attributes": [],
          "private": "eyJlMmJmYjczMC1lY2FhLTExZTYtOGY4OC0zNDM2M2JjN2M0YzAiOnsiY3JlYXRlIjoyNzAwMDAwMDAwMDAwLCJkZWxldGUiOjQ1MDAwMDAwMDAwMDAsInVwZGF0ZSI6MjcwMDAwMDAwMDAwMH19",
          "dependencies": [
            "module.instance-pool1.data.oci_core_images.ImageOCID",
            "module.instance-pool1.data.oci_identity_availability_domain.AD",
            "module.network.data.oci_core_services.net_services",
            "module.network.oci_core_internet_gateway.internet_gateway",
            "module.network.oci_core_nat_gateway.nat_gateway",
            "module.network.oci_core_route_table.private_subnet_route_table",
            "module.network.oci_core_route_table.public_subnet_route_table",
            "module.network.oci_core_security_list.private_subnet_securitylist",
            "module.network.oci_core_security_list.public_subnet_securitylist",
            "module.network.oci_core_service_gateway.service_gateway",
            "module.network.oci_core_subnet.private_subnet",
            "module.network.oci_core_subnet.public_subnet",
            "module.network.oci_core_vcn.vcn",
            "tls_private_key.ssh_key"
          ]
        },
        {
          "index_key": 5,
          "schema_version": 0,
          "attributes": {
            "agent_config": [
              {
                "are_all_plugins_disabled": false,
                "is_management_disabled": false,
                "is_monitoring_disabled": false,
                "plugins_config": []
              }
            ],
            "async": true,
            "availability_config": [
              {
                "is_live_migration_preferred": false,
                "recovery_action": "RESTORE_INSTANCE"
              }
            ],
            "availability_domain": "ZyrR:US-ASHBURN-AD-1",
            "boot_volume_id": null,
            "capacity_reservation_id": null,
            "compartment_id": "ocid1.compartment.oc1..aaaaaaaak4br2cpp6gggpquw6omq7ocf2kinkz3qi5oyjbispxped525cdga",
            "compute_cluster_id": null,
            "create_vnic_details": [
              {
                "assign_private_dns_record": false,
                "assign_public_ip": "false",
                "defined_tags": {},
                "display_name": "",
                "freeform_tags": {},
                "hostname_label": "",
                "nsg_ids": null,
                "private_ip": "",
                "skip_source_dest_check": false,
                "subnet_id": "ocid1.subnet.oc1.iad.aaaaaaaa4qnhb4vni57wep5kj63azxskvaf7kstau2hfingjpfrpw57mudca",
                "vlan_id": ""
              }
            ],
            "dedicated_vm_host_id": null,
            "defined_tags": {
              "Oracle-Tags.CreatedBy": "default/michael.prestin@oracle.com",
              "Oracle-Tags.CreatedOn": "2023-04-03T20:05:18.718Z"
            },
            "display_name": "test1-6",
            "extended_metadata": null,
            "fault_domain": "FAULT-DOMAIN-1",
            "freeform_tags": {},
            "hostname_label": null,
            "id": "ocid1.instance.oc1.iad.anuwcljt22cz7wqcss4ao35sv52j4mkawifb7lkzje3rnapifio4pu75j32a",
            "image": "ocid1.image.oc1.iad.aaaaaaaayrldglwozuedpvfllelnmthkcbd5irmjyeih56a4tslst2rne6jq",
            "instance_options": [
              {
                "are_legacy_imds_endpoints_disabled": false
              }
            ],
            "ipxe_script": null,
            "is_pv_encryption_in_transit_enabled": null,
            "launch_mode": "PARAVIRTUALIZED",
            "launch_options": [
              {
                "boot_volume_type": "PARAVIRTUALIZED",
                "firmware": "UEFI_64",
                "is_consistent_volume_naming_enabled": true,
                "is_pv_encryption_in_transit_enabled": false,
                "network_type": "PARAVIRTUALIZED",
                "remote_data_volume_type": "PARAVIRTUALIZED"
              }
            ],
            "metadata": {
              "ssh_authorized_keys": "ssh-rsa AAAAB3NzaC1yc2EAAAADAQABAAABAQCvNY4syznY/myM3H45YCiC7OVmaFP9rDQAf1hoBYeLnOTws0KtcmG9fJ0D8OMSsyFTLJdI4y70+ibmRU/LA045l6tPj5C1OHyHS2E5EdhJaqfExCsEfwdaLvDwtcVn1gq4eirGbjQDv/66GFyNmrqASgSMBn816eFR7lQS5YNvFQ0/3DWx1WviHGo980YLeVGYqCwN55wicomAslHM4VljtquGJyczdE7+uQ5r5gjqUjYcqULXrLmz3pRVIP0ln1TU8xWQPqMpFZtttRMGQdASmOUS4weFvGTip7X5h7aPQvj9+FMT95ge0rd2L8RRlYST5xd8PN/1xxyckdDX1Cg1\n",
              "user_data": "IyEvYmluL2Jhc2gK"
            },
            "platform_config": [],
            "preemptible_instance_config": [
              {
                "preemption_action": [
                  {
                    "preserve_boot_volume": false,
                    "type": "TERMINATE"
                  }
                ]
              }
            ],
            "preserve_boot_volume": null,
            "private_ip": null,
            "public_ip": null,
            "region": "iad",
            "shape": "VM.Standard.E4.Flex",
            "shape_config": [
              {
                "baseline_ocpu_utilization": "",
                "gpu_description": "",
                "gpus": 0,
                "local_disk_description": "",
                "local_disks": 0,
                "local_disks_total_size_in_gbs": 0,
                "max_vnic_attachments": 2,
                "memory_in_gbs": 16,
                "networking_bandwidth_in_gbps": 2,
                "nvmes": 0,
                "ocpus": 2,
                "processor_description": "2.55 GHz AMD EPYC™ 7J13 (Milan)"
              }
            ],
            "source_details": [
              {
                "boot_volume_size_in_gbs": "",
                "boot_volume_vpus_per_gb": "10",
                "kms_key_id": "",
                "source_id": "ocid1.image.oc1.iad.aaaaaaaayrldglwozuedpvfllelnmthkcbd5irmjyeih56a4tslst2rne6jq",
                "source_type": "image"
              }
            ],
            "state": "PROVISIONING",
            "subnet_id": null,
            "system_tags": {},
            "time_created": "2023-04-03 20:05:20.229 +0000 UTC",
            "time_maintenance_reboot_due": "",
            "timeouts": null,
            "update_operation_constraint": null
          },
          "sensitive_attributes": [],
          "private": "eyJlMmJmYjczMC1lY2FhLTExZTYtOGY4OC0zNDM2M2JjN2M0YzAiOnsiY3JlYXRlIjoyNzAwMDAwMDAwMDAwLCJkZWxldGUiOjQ1MDAwMDAwMDAwMDAsInVwZGF0ZSI6MjcwMDAwMDAwMDAwMH19",
          "dependencies": [
            "module.instance-pool1.data.oci_core_images.ImageOCID",
            "module.instance-pool1.data.oci_identity_availability_domain.AD",
            "module.network.data.oci_core_services.net_services",
            "module.network.oci_core_internet_gateway.internet_gateway",
            "module.network.oci_core_nat_gateway.nat_gateway",
            "module.network.oci_core_route_table.private_subnet_route_table",
            "module.network.oci_core_route_table.public_subnet_route_table",
            "module.network.oci_core_security_list.private_subnet_securitylist",
            "module.network.oci_core_security_list.public_subnet_securitylist",
            "module.network.oci_core_service_gateway.service_gateway",
            "module.network.oci_core_subnet.private_subnet",
            "module.network.oci_core_subnet.public_subnet",
            "module.network.oci_core_vcn.vcn",
            "tls_private_key.ssh_key"
          ]
        },
        {
          "index_key": 6,
          "schema_version": 0,
          "attributes": {
            "agent_config": [
              {
                "are_all_plugins_disabled": false,
                "is_management_disabled": false,
                "is_monitoring_disabled": false,
                "plugins_config": []
              }
            ],
            "async": true,
            "availability_config": [
              {
                "is_live_migration_preferred": false,
                "recovery_action": "RESTORE_INSTANCE"
              }
            ],
            "availability_domain": "ZyrR:US-ASHBURN-AD-1",
            "boot_volume_id": null,
            "capacity_reservation_id": null,
            "compartment_id": "ocid1.compartment.oc1..aaaaaaaak4br2cpp6gggpquw6omq7ocf2kinkz3qi5oyjbispxped525cdga",
            "compute_cluster_id": null,
            "create_vnic_details": [
              {
                "assign_private_dns_record": false,
                "assign_public_ip": "false",
                "defined_tags": {},
                "display_name": "",
                "freeform_tags": {},
                "hostname_label": "",
                "nsg_ids": null,
                "private_ip": "",
                "skip_source_dest_check": false,
                "subnet_id": "ocid1.subnet.oc1.iad.aaaaaaaa4qnhb4vni57wep5kj63azxskvaf7kstau2hfingjpfrpw57mudca",
                "vlan_id": ""
              }
            ],
            "dedicated_vm_host_id": null,
            "defined_tags": {
              "Oracle-Tags.CreatedBy": "default/michael.prestin@oracle.com",
              "Oracle-Tags.CreatedOn": "2023-04-03T20:05:18.468Z"
            },
            "display_name": "test1-7",
            "extended_metadata": null,
            "fault_domain": "FAULT-DOMAIN-1",
            "freeform_tags": {},
            "hostname_label": null,
            "id": "ocid1.instance.oc1.iad.anuwcljt22cz7wqcy34h6l4fecszi2oe7lztopjg6kquq2qf6kni5l45ggha",
            "image": "ocid1.image.oc1.iad.aaaaaaaayrldglwozuedpvfllelnmthkcbd5irmjyeih56a4tslst2rne6jq",
            "instance_options": [
              {
                "are_legacy_imds_endpoints_disabled": false
              }
            ],
            "ipxe_script": null,
            "is_pv_encryption_in_transit_enabled": null,
            "launch_mode": "PARAVIRTUALIZED",
            "launch_options": [
              {
                "boot_volume_type": "PARAVIRTUALIZED",
                "firmware": "UEFI_64",
                "is_consistent_volume_naming_enabled": true,
                "is_pv_encryption_in_transit_enabled": false,
                "network_type": "PARAVIRTUALIZED",
                "remote_data_volume_type": "PARAVIRTUALIZED"
              }
            ],
            "metadata": {
              "ssh_authorized_keys": "ssh-rsa AAAAB3NzaC1yc2EAAAADAQABAAABAQCvNY4syznY/myM3H45YCiC7OVmaFP9rDQAf1hoBYeLnOTws0KtcmG9fJ0D8OMSsyFTLJdI4y70+ibmRU/LA045l6tPj5C1OHyHS2E5EdhJaqfExCsEfwdaLvDwtcVn1gq4eirGbjQDv/66GFyNmrqASgSMBn816eFR7lQS5YNvFQ0/3DWx1WviHGo980YLeVGYqCwN55wicomAslHM4VljtquGJyczdE7+uQ5r5gjqUjYcqULXrLmz3pRVIP0ln1TU8xWQPqMpFZtttRMGQdASmOUS4weFvGTip7X5h7aPQvj9+FMT95ge0rd2L8RRlYST5xd8PN/1xxyckdDX1Cg1\n",
              "user_data": "IyEvYmluL2Jhc2gK"
            },
            "platform_config": [],
            "preemptible_instance_config": [
              {
                "preemption_action": [
                  {
                    "preserve_boot_volume": false,
                    "type": "TERMINATE"
                  }
                ]
              }
            ],
            "preserve_boot_volume": null,
            "private_ip": null,
            "public_ip": null,
            "region": "iad",
            "shape": "VM.Standard.E4.Flex",
            "shape_config": [
              {
                "baseline_ocpu_utilization": "",
                "gpu_description": "",
                "gpus": 0,
                "local_disk_description": "",
                "local_disks": 0,
                "local_disks_total_size_in_gbs": 0,
                "max_vnic_attachments": 2,
                "memory_in_gbs": 16,
                "networking_bandwidth_in_gbps": 2,
                "nvmes": 0,
                "ocpus": 2,
                "processor_description": "2.55 GHz AMD EPYC™ 7J13 (Milan)"
              }
            ],
            "source_details": [
              {
                "boot_volume_size_in_gbs": "",
                "boot_volume_vpus_per_gb": "10",
                "kms_key_id": "",
                "source_id": "ocid1.image.oc1.iad.aaaaaaaayrldglwozuedpvfllelnmthkcbd5irmjyeih56a4tslst2rne6jq",
                "source_type": "image"
              }
            ],
            "state": "PROVISIONING",
            "subnet_id": null,
            "system_tags": {},
            "time_created": "2023-04-03 20:05:20.036 +0000 UTC",
            "time_maintenance_reboot_due": "",
            "timeouts": null,
            "update_operation_constraint": null
          },
          "sensitive_attributes": [],
          "private": "eyJlMmJmYjczMC1lY2FhLTExZTYtOGY4OC0zNDM2M2JjN2M0YzAiOnsiY3JlYXRlIjoyNzAwMDAwMDAwMDAwLCJkZWxldGUiOjQ1MDAwMDAwMDAwMDAsInVwZGF0ZSI6MjcwMDAwMDAwMDAwMH19",
          "dependencies": [
            "module.instance-pool1.data.oci_core_images.ImageOCID",
            "module.instance-pool1.data.oci_identity_availability_domain.AD",
            "module.network.data.oci_core_services.net_services",
            "module.network.oci_core_internet_gateway.internet_gateway",
            "module.network.oci_core_nat_gateway.nat_gateway",
            "module.network.oci_core_route_table.private_subnet_route_table",
            "module.network.oci_core_route_table.public_subnet_route_table",
            "module.network.oci_core_security_list.private_subnet_securitylist",
            "module.network.oci_core_security_list.public_subnet_securitylist",
            "module.network.oci_core_service_gateway.service_gateway",
            "module.network.oci_core_subnet.private_subnet",
            "module.network.oci_core_subnet.public_subnet",
            "module.network.oci_core_vcn.vcn",
            "tls_private_key.ssh_key"
          ]
        },
        {
          "index_key": 7,
          "schema_version": 0,
          "attributes": {
            "agent_config": [
              {
                "are_all_plugins_disabled": false,
                "is_management_disabled": false,
                "is_monitoring_disabled": false,
                "plugins_config": []
              }
            ],
            "async": true,
            "availability_config": [
              {
                "is_live_migration_preferred": false,
                "recovery_action": "RESTORE_INSTANCE"
              }
            ],
            "availability_domain": "ZyrR:US-ASHBURN-AD-1",
            "boot_volume_id": null,
            "capacity_reservation_id": null,
            "compartment_id": "ocid1.compartment.oc1..aaaaaaaak4br2cpp6gggpquw6omq7ocf2kinkz3qi5oyjbispxped525cdga",
            "compute_cluster_id": null,
            "create_vnic_details": [
              {
                "assign_private_dns_record": false,
                "assign_public_ip": "false",
                "defined_tags": {},
                "display_name": "",
                "freeform_tags": {},
                "hostname_label": "",
                "nsg_ids": null,
                "private_ip": "",
                "skip_source_dest_check": false,
                "subnet_id": "ocid1.subnet.oc1.iad.aaaaaaaa4qnhb4vni57wep5kj63azxskvaf7kstau2hfingjpfrpw57mudca",
                "vlan_id": ""
              }
            ],
            "dedicated_vm_host_id": null,
            "defined_tags": {
              "Oracle-Tags.CreatedBy": "default/michael.prestin@oracle.com",
              "Oracle-Tags.CreatedOn": "2023-04-03T20:05:19.108Z"
            },
            "display_name": "test1-8",
            "extended_metadata": null,
            "fault_domain": "FAULT-DOMAIN-1",
            "freeform_tags": {},
            "hostname_label": null,
            "id": "ocid1.instance.oc1.iad.anuwcljt22cz7wqcj3vxacdozvpwdhfb2j5hl3kdlpn3dm5yg3p46injw4vq",
            "image": "ocid1.image.oc1.iad.aaaaaaaayrldglwozuedpvfllelnmthkcbd5irmjyeih56a4tslst2rne6jq",
            "instance_options": [
              {
                "are_legacy_imds_endpoints_disabled": false
              }
            ],
            "ipxe_script": null,
            "is_pv_encryption_in_transit_enabled": null,
            "launch_mode": "PARAVIRTUALIZED",
            "launch_options": [
              {
                "boot_volume_type": "PARAVIRTUALIZED",
                "firmware": "UEFI_64",
                "is_consistent_volume_naming_enabled": true,
                "is_pv_encryption_in_transit_enabled": false,
                "network_type": "PARAVIRTUALIZED",
                "remote_data_volume_type": "PARAVIRTUALIZED"
              }
            ],
            "metadata": {
              "ssh_authorized_keys": "ssh-rsa AAAAB3NzaC1yc2EAAAADAQABAAABAQCvNY4syznY/myM3H45YCiC7OVmaFP9rDQAf1hoBYeLnOTws0KtcmG9fJ0D8OMSsyFTLJdI4y70+ibmRU/LA045l6tPj5C1OHyHS2E5EdhJaqfExCsEfwdaLvDwtcVn1gq4eirGbjQDv/66GFyNmrqASgSMBn816eFR7lQS5YNvFQ0/3DWx1WviHGo980YLeVGYqCwN55wicomAslHM4VljtquGJyczdE7+uQ5r5gjqUjYcqULXrLmz3pRVIP0ln1TU8xWQPqMpFZtttRMGQdASmOUS4weFvGTip7X5h7aPQvj9+FMT95ge0rd2L8RRlYST5xd8PN/1xxyckdDX1Cg1\n",
              "user_data": "IyEvYmluL2Jhc2gK"
            },
            "platform_config": [],
            "preemptible_instance_config": [
              {
                "preemption_action": [
                  {
                    "preserve_boot_volume": false,
                    "type": "TERMINATE"
                  }
                ]
              }
            ],
            "preserve_boot_volume": null,
            "private_ip": null,
            "public_ip": null,
            "region": "iad",
            "shape": "VM.Standard.E4.Flex",
            "shape_config": [
              {
                "baseline_ocpu_utilization": "",
                "gpu_description": "",
                "gpus": 0,
                "local_disk_description": "",
                "local_disks": 0,
                "local_disks_total_size_in_gbs": 0,
                "max_vnic_attachments": 2,
                "memory_in_gbs": 16,
                "networking_bandwidth_in_gbps": 2,
                "nvmes": 0,
                "ocpus": 2,
                "processor_description": "2.55 GHz AMD EPYC™ 7J13 (Milan)"
              }
            ],
            "source_details": [
              {
                "boot_volume_size_in_gbs": "",
                "boot_volume_vpus_per_gb": "10",
                "kms_key_id": "",
                "source_id": "ocid1.image.oc1.iad.aaaaaaaayrldglwozuedpvfllelnmthkcbd5irmjyeih56a4tslst2rne6jq",
                "source_type": "image"
              }
            ],
            "state": "PROVISIONING",
            "subnet_id": null,
            "system_tags": {},
            "time_created": "2023-04-03 20:05:21.535 +0000 UTC",
            "time_maintenance_reboot_due": "",
            "timeouts": null,
            "update_operation_constraint": null
          },
          "sensitive_attributes": [],
          "private": "eyJlMmJmYjczMC1lY2FhLTExZTYtOGY4OC0zNDM2M2JjN2M0YzAiOnsiY3JlYXRlIjoyNzAwMDAwMDAwMDAwLCJkZWxldGUiOjQ1MDAwMDAwMDAwMDAsInVwZGF0ZSI6MjcwMDAwMDAwMDAwMH19",
          "dependencies": [
            "module.instance-pool1.data.oci_core_images.ImageOCID",
            "module.instance-pool1.data.oci_identity_availability_domain.AD",
            "module.network.data.oci_core_services.net_services",
            "module.network.oci_core_internet_gateway.internet_gateway",
            "module.network.oci_core_nat_gateway.nat_gateway",
            "module.network.oci_core_route_table.private_subnet_route_table",
            "module.network.oci_core_route_table.public_subnet_route_table",
            "module.network.oci_core_security_list.private_subnet_securitylist",
            "module.network.oci_core_security_list.public_subnet_securitylist",
            "module.network.oci_core_service_gateway.service_gateway",
            "module.network.oci_core_subnet.private_subnet",
            "module.network.oci_core_subnet.public_subnet",
            "module.network.oci_core_vcn.vcn",
            "tls_private_key.ssh_key"
          ]
        },
        {
          "index_key": 8,
          "schema_version": 0,
          "attributes": {
            "agent_config": [
              {
                "are_all_plugins_disabled": false,
                "is_management_disabled": false,
                "is_monitoring_disabled": false,
                "plugins_config": []
              }
            ],
            "async": true,
            "availability_config": [
              {
                "is_live_migration_preferred": false,
                "recovery_action": "RESTORE_INSTANCE"
              }
            ],
            "availability_domain": "ZyrR:US-ASHBURN-AD-1",
            "boot_volume_id": null,
            "capacity_reservation_id": null,
            "compartment_id": "ocid1.compartment.oc1..aaaaaaaak4br2cpp6gggpquw6omq7ocf2kinkz3qi5oyjbispxped525cdga",
            "compute_cluster_id": null,
            "create_vnic_details": [
              {
                "assign_private_dns_record": false,
                "assign_public_ip": "false",
                "defined_tags": {},
                "display_name": "",
                "freeform_tags": {},
                "hostname_label": "",
                "nsg_ids": null,
                "private_ip": "",
                "skip_source_dest_check": false,
                "subnet_id": "ocid1.subnet.oc1.iad.aaaaaaaa4qnhb4vni57wep5kj63azxskvaf7kstau2hfingjpfrpw57mudca",
                "vlan_id": ""
              }
            ],
            "dedicated_vm_host_id": null,
            "defined_tags": {
              "Oracle-Tags.CreatedBy": "default/michael.prestin@oracle.com",
              "Oracle-Tags.CreatedOn": "2023-04-03T20:05:21.640Z"
            },
            "display_name": "test1-9",
            "extended_metadata": null,
            "fault_domain": "FAULT-DOMAIN-1",
            "freeform_tags": {},
            "hostname_label": null,
            "id": "ocid1.instance.oc1.iad.anuwcljt22cz7wqcdjjpd7vuiocnsomak6xi5lprvm4ito2h42ttrmuiglmq",
            "image": "ocid1.image.oc1.iad.aaaaaaaayrldglwozuedpvfllelnmthkcbd5irmjyeih56a4tslst2rne6jq",
            "instance_options": [
              {
                "are_legacy_imds_endpoints_disabled": false
              }
            ],
            "ipxe_script": null,
            "is_pv_encryption_in_transit_enabled": null,
            "launch_mode": "PARAVIRTUALIZED",
            "launch_options": [
              {
                "boot_volume_type": "PARAVIRTUALIZED",
                "firmware": "UEFI_64",
                "is_consistent_volume_naming_enabled": true,
                "is_pv_encryption_in_transit_enabled": false,
                "network_type": "PARAVIRTUALIZED",
                "remote_data_volume_type": "PARAVIRTUALIZED"
              }
            ],
            "metadata": {
              "ssh_authorized_keys": "ssh-rsa AAAAB3NzaC1yc2EAAAADAQABAAABAQCvNY4syznY/myM3H45YCiC7OVmaFP9rDQAf1hoBYeLnOTws0KtcmG9fJ0D8OMSsyFTLJdI4y70+ibmRU/LA045l6tPj5C1OHyHS2E5EdhJaqfExCsEfwdaLvDwtcVn1gq4eirGbjQDv/66GFyNmrqASgSMBn816eFR7lQS5YNvFQ0/3DWx1WviHGo980YLeVGYqCwN55wicomAslHM4VljtquGJyczdE7+uQ5r5gjqUjYcqULXrLmz3pRVIP0ln1TU8xWQPqMpFZtttRMGQdASmOUS4weFvGTip7X5h7aPQvj9+FMT95ge0rd2L8RRlYST5xd8PN/1xxyckdDX1Cg1\n",
              "user_data": "IyEvYmluL2Jhc2gK"
            },
            "platform_config": [],
            "preemptible_instance_config": [
              {
                "preemption_action": [
                  {
                    "preserve_boot_volume": false,
                    "type": "TERMINATE"
                  }
                ]
              }
            ],
            "preserve_boot_volume": null,
            "private_ip": null,
            "public_ip": null,
            "region": "iad",
            "shape": "VM.Standard.E4.Flex",
            "shape_config": [
              {
                "baseline_ocpu_utilization": "",
                "gpu_description": "",
                "gpus": 0,
                "local_disk_description": "",
                "local_disks": 0,
                "local_disks_total_size_in_gbs": 0,
                "max_vnic_attachments": 2,
                "memory_in_gbs": 16,
                "networking_bandwidth_in_gbps": 2,
                "nvmes": 0,
                "ocpus": 2,
                "processor_description": "2.55 GHz AMD EPYC™ 7J13 (Milan)"
              }
            ],
            "source_details": [
              {
                "boot_volume_size_in_gbs": "",
                "boot_volume_vpus_per_gb": "10",
                "kms_key_id": "",
                "source_id": "ocid1.image.oc1.iad.aaaaaaaayrldglwozuedpvfllelnmthkcbd5irmjyeih56a4tslst2rne6jq",
                "source_type": "image"
              }
            ],
            "state": "PROVISIONING",
            "subnet_id": null,
            "system_tags": {},
            "time_created": "2023-04-03 20:05:22.195 +0000 UTC",
            "time_maintenance_reboot_due": "",
            "timeouts": null,
            "update_operation_constraint": null
          },
          "sensitive_attributes": [],
          "private": "eyJlMmJmYjczMC1lY2FhLTExZTYtOGY4OC0zNDM2M2JjN2M0YzAiOnsiY3JlYXRlIjoyNzAwMDAwMDAwMDAwLCJkZWxldGUiOjQ1MDAwMDAwMDAwMDAsInVwZGF0ZSI6MjcwMDAwMDAwMDAwMH19",
          "dependencies": [
            "module.instance-pool1.data.oci_core_images.ImageOCID",
            "module.instance-pool1.data.oci_identity_availability_domain.AD",
            "module.network.data.oci_core_services.net_services",
            "module.network.oci_core_internet_gateway.internet_gateway",
            "module.network.oci_core_nat_gateway.nat_gateway",
            "module.network.oci_core_route_table.private_subnet_route_table",
            "module.network.oci_core_route_table.public_subnet_route_table",
            "module.network.oci_core_security_list.private_subnet_securitylist",
            "module.network.oci_core_security_list.public_subnet_securitylist",
            "module.network.oci_core_service_gateway.service_gateway",
            "module.network.oci_core_subnet.private_subnet",
            "module.network.oci_core_subnet.public_subnet",
            "module.network.oci_core_vcn.vcn",
            "tls_private_key.ssh_key"
          ]
        },
        {
          "index_key": 9,
          "schema_version": 0,
          "attributes": {
            "agent_config": [
              {
                "are_all_plugins_disabled": false,
                "is_management_disabled": false,
                "is_monitoring_disabled": false,
                "plugins_config": []
              }
            ],
            "async": true,
            "availability_config": [
              {
                "is_live_migration_preferred": false,
                "recovery_action": "RESTORE_INSTANCE"
              }
            ],
            "availability_domain": "ZyrR:US-ASHBURN-AD-1",
            "boot_volume_id": null,
            "capacity_reservation_id": null,
            "compartment_id": "ocid1.compartment.oc1..aaaaaaaak4br2cpp6gggpquw6omq7ocf2kinkz3qi5oyjbispxped525cdga",
            "compute_cluster_id": null,
            "create_vnic_details": [
              {
                "assign_private_dns_record": false,
                "assign_public_ip": "false",
                "defined_tags": {},
                "display_name": "",
                "freeform_tags": {},
                "hostname_label": "",
                "nsg_ids": null,
                "private_ip": "",
                "skip_source_dest_check": false,
                "subnet_id": "ocid1.subnet.oc1.iad.aaaaaaaa4qnhb4vni57wep5kj63azxskvaf7kstau2hfingjpfrpw57mudca",
                "vlan_id": ""
              }
            ],
            "dedicated_vm_host_id": null,
            "defined_tags": {
              "Oracle-Tags.CreatedBy": "default/michael.prestin@oracle.com",
              "Oracle-Tags.CreatedOn": "2023-04-03T20:05:19.515Z"
            },
            "display_name": "test1-10",
            "extended_metadata": null,
            "fault_domain": "FAULT-DOMAIN-1",
            "freeform_tags": {},
            "hostname_label": null,
            "id": "ocid1.instance.oc1.iad.anuwcljt22cz7wqc6wo7l6psi2w2azy46sb63xtnaczgr62fsxx4kr4lftaa",
            "image": "ocid1.image.oc1.iad.aaaaaaaayrldglwozuedpvfllelnmthkcbd5irmjyeih56a4tslst2rne6jq",
            "instance_options": [
              {
                "are_legacy_imds_endpoints_disabled": false
              }
            ],
            "ipxe_script": null,
            "is_pv_encryption_in_transit_enabled": null,
            "launch_mode": "PARAVIRTUALIZED",
            "launch_options": [
              {
                "boot_volume_type": "PARAVIRTUALIZED",
                "firmware": "UEFI_64",
                "is_consistent_volume_naming_enabled": true,
                "is_pv_encryption_in_transit_enabled": false,
                "network_type": "PARAVIRTUALIZED",
                "remote_data_volume_type": "PARAVIRTUALIZED"
              }
            ],
            "metadata": {
              "ssh_authorized_keys": "ssh-rsa AAAAB3NzaC1yc2EAAAADAQABAAABAQCvNY4syznY/myM3H45YCiC7OVmaFP9rDQAf1hoBYeLnOTws0KtcmG9fJ0D8OMSsyFTLJdI4y70+ibmRU/LA045l6tPj5C1OHyHS2E5EdhJaqfExCsEfwdaLvDwtcVn1gq4eirGbjQDv/66GFyNmrqASgSMBn816eFR7lQS5YNvFQ0/3DWx1WviHGo980YLeVGYqCwN55wicomAslHM4VljtquGJyczdE7+uQ5r5gjqUjYcqULXrLmz3pRVIP0ln1TU8xWQPqMpFZtttRMGQdASmOUS4weFvGTip7X5h7aPQvj9+FMT95ge0rd2L8RRlYST5xd8PN/1xxyckdDX1Cg1\n",
              "user_data": "IyEvYmluL2Jhc2gK"
            },
            "platform_config": [],
            "preemptible_instance_config": [
              {
                "preemption_action": [
                  {
                    "preserve_boot_volume": false,
                    "type": "TERMINATE"
                  }
                ]
              }
            ],
            "preserve_boot_volume": null,
            "private_ip": null,
            "public_ip": null,
            "region": "iad",
            "shape": "VM.Standard.E4.Flex",
            "shape_config": [
              {
                "baseline_ocpu_utilization": "",
                "gpu_description": "",
                "gpus": 0,
                "local_disk_description": "",
                "local_disks": 0,
                "local_disks_total_size_in_gbs": 0,
                "max_vnic_attachments": 2,
                "memory_in_gbs": 16,
                "networking_bandwidth_in_gbps": 2,
                "nvmes": 0,
                "ocpus": 2,
                "processor_description": "2.55 GHz AMD EPYC™ 7J13 (Milan)"
              }
            ],
            "source_details": [
              {
                "boot_volume_size_in_gbs": "",
                "boot_volume_vpus_per_gb": "10",
                "kms_key_id": "",
                "source_id": "ocid1.image.oc1.iad.aaaaaaaayrldglwozuedpvfllelnmthkcbd5irmjyeih56a4tslst2rne6jq",
                "source_type": "image"
              }
            ],
            "state": "PROVISIONING",
            "subnet_id": null,
            "system_tags": {},
            "time_created": "2023-04-03 20:05:20.158 +0000 UTC",
            "time_maintenance_reboot_due": "",
            "timeouts": null,
            "update_operation_constraint": null
          },
          "sensitive_attributes": [],
          "private": "eyJlMmJmYjczMC1lY2FhLTExZTYtOGY4OC0zNDM2M2JjN2M0YzAiOnsiY3JlYXRlIjoyNzAwMDAwMDAwMDAwLCJkZWxldGUiOjQ1MDAwMDAwMDAwMDAsInVwZGF0ZSI6MjcwMDAwMDAwMDAwMH19",
          "dependencies": [
            "module.instance-pool1.data.oci_core_images.ImageOCID",
            "module.instance-pool1.data.oci_identity_availability_domain.AD",
            "module.network.data.oci_core_services.net_services",
            "module.network.oci_core_internet_gateway.internet_gateway",
            "module.network.oci_core_nat_gateway.nat_gateway",
            "module.network.oci_core_route_table.private_subnet_route_table",
            "module.network.oci_core_route_table.public_subnet_route_table",
            "module.network.oci_core_security_list.private_subnet_securitylist",
            "module.network.oci_core_security_list.public_subnet_securitylist",
            "module.network.oci_core_service_gateway.service_gateway",
            "module.network.oci_core_subnet.private_subnet",
            "module.network.oci_core_subnet.public_subnet",
            "module.network.oci_core_vcn.vcn",
            "tls_private_key.ssh_key"
          ]
        },
        {
          "index_key": 10,
          "schema_version": 0,
          "attributes": {
            "agent_config": [
              {
                "are_all_plugins_disabled": false,
                "is_management_disabled": false,
                "is_monitoring_disabled": false,
                "plugins_config": []
              }
            ],
            "async": true,
            "availability_config": [
              {
                "is_live_migration_preferred": false,
                "recovery_action": "RESTORE_INSTANCE"
              }
            ],
            "availability_domain": "ZyrR:US-ASHBURN-AD-1",
            "boot_volume_id": null,
            "capacity_reservation_id": null,
            "compartment_id": "ocid1.compartment.oc1..aaaaaaaak4br2cpp6gggpquw6omq7ocf2kinkz3qi5oyjbispxped525cdga",
            "compute_cluster_id": null,
            "create_vnic_details": [
              {
                "assign_private_dns_record": false,
                "assign_public_ip": "false",
                "defined_tags": {},
                "display_name": "",
                "freeform_tags": {},
                "hostname_label": "",
                "nsg_ids": null,
                "private_ip": "",
                "skip_source_dest_check": false,
                "subnet_id": "ocid1.subnet.oc1.iad.aaaaaaaa4qnhb4vni57wep5kj63azxskvaf7kstau2hfingjpfrpw57mudca",
                "vlan_id": ""
              }
            ],
            "dedicated_vm_host_id": null,
            "defined_tags": {
              "Oracle-Tags.CreatedBy": "default/michael.prestin@oracle.com",
              "Oracle-Tags.CreatedOn": "2023-04-03T20:05:18.468Z"
            },
            "display_name": "test1-11",
            "extended_metadata": null,
            "fault_domain": "FAULT-DOMAIN-1",
            "freeform_tags": {},
            "hostname_label": null,
            "id": "ocid1.instance.oc1.iad.anuwcljt22cz7wqc4tk5fo2l5wqedvut5fuwo6cjfaeiga4gdqjrjvvfezdq",
            "image": "ocid1.image.oc1.iad.aaaaaaaayrldglwozuedpvfllelnmthkcbd5irmjyeih56a4tslst2rne6jq",
            "instance_options": [
              {
                "are_legacy_imds_endpoints_disabled": false
              }
            ],
            "ipxe_script": null,
            "is_pv_encryption_in_transit_enabled": null,
            "launch_mode": "PARAVIRTUALIZED",
            "launch_options": [
              {
                "boot_volume_type": "PARAVIRTUALIZED",
                "firmware": "UEFI_64",
                "is_consistent_volume_naming_enabled": true,
                "is_pv_encryption_in_transit_enabled": false,
                "network_type": "PARAVIRTUALIZED",
                "remote_data_volume_type": "PARAVIRTUALIZED"
              }
            ],
            "metadata": {
              "ssh_authorized_keys": "ssh-rsa AAAAB3NzaC1yc2EAAAADAQABAAABAQCvNY4syznY/myM3H45YCiC7OVmaFP9rDQAf1hoBYeLnOTws0KtcmG9fJ0D8OMSsyFTLJdI4y70+ibmRU/LA045l6tPj5C1OHyHS2E5EdhJaqfExCsEfwdaLvDwtcVn1gq4eirGbjQDv/66GFyNmrqASgSMBn816eFR7lQS5YNvFQ0/3DWx1WviHGo980YLeVGYqCwN55wicomAslHM4VljtquGJyczdE7+uQ5r5gjqUjYcqULXrLmz3pRVIP0ln1TU8xWQPqMpFZtttRMGQdASmOUS4weFvGTip7X5h7aPQvj9+FMT95ge0rd2L8RRlYST5xd8PN/1xxyckdDX1Cg1\n",
              "user_data": "IyEvYmluL2Jhc2gK"
            },
            "platform_config": [],
            "preemptible_instance_config": [
              {
                "preemption_action": [
                  {
                    "preserve_boot_volume": false,
                    "type": "TERMINATE"
                  }
                ]
              }
            ],
            "preserve_boot_volume": null,
            "private_ip": null,
            "public_ip": null,
            "region": "iad",
            "shape": "VM.Standard.E4.Flex",
            "shape_config": [
              {
                "baseline_ocpu_utilization": "",
                "gpu_description": "",
                "gpus": 0,
                "local_disk_description": "",
                "local_disks": 0,
                "local_disks_total_size_in_gbs": 0,
                "max_vnic_attachments": 2,
                "memory_in_gbs": 16,
                "networking_bandwidth_in_gbps": 2,
                "nvmes": 0,
                "ocpus": 2,
                "processor_description": "2.55 GHz AMD EPYC™ 7J13 (Milan)"
              }
            ],
            "source_details": [
              {
                "boot_volume_size_in_gbs": "",
                "boot_volume_vpus_per_gb": "10",
                "kms_key_id": "",
                "source_id": "ocid1.image.oc1.iad.aaaaaaaayrldglwozuedpvfllelnmthkcbd5irmjyeih56a4tslst2rne6jq",
                "source_type": "image"
              }
            ],
            "state": "PROVISIONING",
            "subnet_id": null,
            "system_tags": {},
            "time_created": "2023-04-03 20:05:19.803 +0000 UTC",
            "time_maintenance_reboot_due": "",
            "timeouts": null,
            "update_operation_constraint": null
          },
          "sensitive_attributes": [],
          "private": "eyJlMmJmYjczMC1lY2FhLTExZTYtOGY4OC0zNDM2M2JjN2M0YzAiOnsiY3JlYXRlIjoyNzAwMDAwMDAwMDAwLCJkZWxldGUiOjQ1MDAwMDAwMDAwMDAsInVwZGF0ZSI6MjcwMDAwMDAwMDAwMH19",
          "dependencies": [
            "module.instance-pool1.data.oci_core_images.ImageOCID",
            "module.instance-pool1.data.oci_identity_availability_domain.AD",
            "module.network.data.oci_core_services.net_services",
            "module.network.oci_core_internet_gateway.internet_gateway",
            "module.network.oci_core_nat_gateway.nat_gateway",
            "module.network.oci_core_route_table.private_subnet_route_table",
            "module.network.oci_core_route_table.public_subnet_route_table",
            "module.network.oci_core_security_list.private_subnet_securitylist",
            "module.network.oci_core_security_list.public_subnet_securitylist",
            "module.network.oci_core_service_gateway.service_gateway",
            "module.network.oci_core_subnet.private_subnet",
            "module.network.oci_core_subnet.public_subnet",
            "module.network.oci_core_vcn.vcn",
            "tls_private_key.ssh_key"
          ]
        },
        {
          "index_key": 11,
          "schema_version": 0,
          "attributes": {
            "agent_config": [
              {
                "are_all_plugins_disabled": false,
                "is_management_disabled": false,
                "is_monitoring_disabled": false,
                "plugins_config": []
              }
            ],
            "async": true,
            "availability_config": [
              {
                "is_live_migration_preferred": false,
                "recovery_action": "RESTORE_INSTANCE"
              }
            ],
            "availability_domain": "ZyrR:US-ASHBURN-AD-1",
            "boot_volume_id": null,
            "capacity_reservation_id": null,
            "compartment_id": "ocid1.compartment.oc1..aaaaaaaak4br2cpp6gggpquw6omq7ocf2kinkz3qi5oyjbispxped525cdga",
            "compute_cluster_id": null,
            "create_vnic_details": [
              {
                "assign_private_dns_record": false,
                "assign_public_ip": "false",
                "defined_tags": {},
                "display_name": "",
                "freeform_tags": {},
                "hostname_label": "",
                "nsg_ids": null,
                "private_ip": "",
                "skip_source_dest_check": false,
                "subnet_id": "ocid1.subnet.oc1.iad.aaaaaaaa4qnhb4vni57wep5kj63azxskvaf7kstau2hfingjpfrpw57mudca",
                "vlan_id": ""
              }
            ],
            "dedicated_vm_host_id": null,
            "defined_tags": {
              "Oracle-Tags.CreatedBy": "default/michael.prestin@oracle.com",
              "Oracle-Tags.CreatedOn": "2023-04-03T20:05:19.266Z"
            },
            "display_name": "test1-12",
            "extended_metadata": null,
            "fault_domain": "FAULT-DOMAIN-1",
            "freeform_tags": {},
            "hostname_label": null,
            "id": "ocid1.instance.oc1.iad.anuwcljt22cz7wqcdyjheaoozmuomzlcmbef7ovjnd4vy3dwxkuuaptnapwq",
            "image": "ocid1.image.oc1.iad.aaaaaaaayrldglwozuedpvfllelnmthkcbd5irmjyeih56a4tslst2rne6jq",
            "instance_options": [
              {
                "are_legacy_imds_endpoints_disabled": false
              }
            ],
            "ipxe_script": null,
            "is_pv_encryption_in_transit_enabled": null,
            "launch_mode": "PARAVIRTUALIZED",
            "launch_options": [
              {
                "boot_volume_type": "PARAVIRTUALIZED",
                "firmware": "UEFI_64",
                "is_consistent_volume_naming_enabled": true,
                "is_pv_encryption_in_transit_enabled": false,
                "network_type": "PARAVIRTUALIZED",
                "remote_data_volume_type": "PARAVIRTUALIZED"
              }
            ],
            "metadata": {
              "ssh_authorized_keys": "ssh-rsa AAAAB3NzaC1yc2EAAAADAQABAAABAQCvNY4syznY/myM3H45YCiC7OVmaFP9rDQAf1hoBYeLnOTws0KtcmG9fJ0D8OMSsyFTLJdI4y70+ibmRU/LA045l6tPj5C1OHyHS2E5EdhJaqfExCsEfwdaLvDwtcVn1gq4eirGbjQDv/66GFyNmrqASgSMBn816eFR7lQS5YNvFQ0/3DWx1WviHGo980YLeVGYqCwN55wicomAslHM4VljtquGJyczdE7+uQ5r5gjqUjYcqULXrLmz3pRVIP0ln1TU8xWQPqMpFZtttRMGQdASmOUS4weFvGTip7X5h7aPQvj9+FMT95ge0rd2L8RRlYST5xd8PN/1xxyckdDX1Cg1\n",
              "user_data": "IyEvYmluL2Jhc2gK"
            },
            "platform_config": [],
            "preemptible_instance_config": [
              {
                "preemption_action": [
                  {
                    "preserve_boot_volume": false,
                    "type": "TERMINATE"
                  }
                ]
              }
            ],
            "preserve_boot_volume": null,
            "private_ip": null,
            "public_ip": null,
            "region": "iad",
            "shape": "VM.Standard.E4.Flex",
            "shape_config": [
              {
                "baseline_ocpu_utilization": "",
                "gpu_description": "",
                "gpus": 0,
                "local_disk_description": "",
                "local_disks": 0,
                "local_disks_total_size_in_gbs": 0,
                "max_vnic_attachments": 2,
                "memory_in_gbs": 16,
                "networking_bandwidth_in_gbps": 2,
                "nvmes": 0,
                "ocpus": 2,
                "processor_description": "2.55 GHz AMD EPYC™ 7J13 (Milan)"
              }
            ],
            "source_details": [
              {
                "boot_volume_size_in_gbs": "",
                "boot_volume_vpus_per_gb": "10",
                "kms_key_id": "",
                "source_id": "ocid1.image.oc1.iad.aaaaaaaayrldglwozuedpvfllelnmthkcbd5irmjyeih56a4tslst2rne6jq",
                "source_type": "image"
              }
            ],
            "state": "PROVISIONING",
            "subnet_id": null,
            "system_tags": {},
            "time_created": "2023-04-03 20:05:20.766 +0000 UTC",
            "time_maintenance_reboot_due": "",
            "timeouts": null,
            "update_operation_constraint": null
          },
          "sensitive_attributes": [],
          "private": "eyJlMmJmYjczMC1lY2FhLTExZTYtOGY4OC0zNDM2M2JjN2M0YzAiOnsiY3JlYXRlIjoyNzAwMDAwMDAwMDAwLCJkZWxldGUiOjQ1MDAwMDAwMDAwMDAsInVwZGF0ZSI6MjcwMDAwMDAwMDAwMH19",
          "dependencies": [
            "module.instance-pool1.data.oci_core_images.ImageOCID",
            "module.instance-pool1.data.oci_identity_availability_domain.AD",
            "module.network.data.oci_core_services.net_services",
            "module.network.oci_core_internet_gateway.internet_gateway",
            "module.network.oci_core_nat_gateway.nat_gateway",
            "module.network.oci_core_route_table.private_subnet_route_table",
            "module.network.oci_core_route_table.public_subnet_route_table",
            "module.network.oci_core_security_list.private_subnet_securitylist",
            "module.network.oci_core_security_list.public_subnet_securitylist",
            "module.network.oci_core_service_gateway.service_gateway",
            "module.network.oci_core_subnet.private_subnet",
            "module.network.oci_core_subnet.public_subnet",
            "module.network.oci_core_vcn.vcn",
            "tls_private_key.ssh_key"
          ]
        }
      ]
    },
    {
      "module": "module.instance-pool2[0]",
      "mode": "data",
      "type": "oci_core_images",
      "name": "ImageOCID",
      "provider": "provider[\"registry.terraform.io/hashicorp/oci\"]",
      "instances": [
        {
          "schema_version": 0,
          "attributes": {
            "compartment_id": "ocid1.compartment.oc1..aaaaaaaak4br2cpp6gggpquw6omq7ocf2kinkz3qi5oyjbispxped525cdga",
            "display_name": null,
            "filter": null,
            "id": "CoreImagesDataSource-2850296665",
            "images": [
              {
                "agent_features": [],
                "base_image_id": "",
                "billable_size_in_gbs": "5",
                "compartment_id": "",
                "create_image_allowed": true,
                "defined_tags": {},
                "display_name": "Oracle-Linux-8.7-2023.01.31-3",
                "freeform_tags": {},
                "id": "ocid1.image.oc1.iad.aaaaaaaayrldglwozuedpvfllelnmthkcbd5irmjyeih56a4tslst2rne6jq",
                "image_source_details": [],
                "instance_id": "",
                "launch_mode": "NATIVE",
                "launch_options": [
                  {
                    "boot_volume_type": "PARAVIRTUALIZED",
                    "firmware": "UEFI_64",
                    "is_consistent_volume_naming_enabled": true,
                    "is_pv_encryption_in_transit_enabled": true,
                    "network_type": "PARAVIRTUALIZED",
                    "remote_data_volume_type": "PARAVIRTUALIZED"
                  }
                ],
                "listing_type": "",
                "operating_system": "Oracle Linux",
                "operating_system_version": "8",
                "size_in_mbs": "47694",
                "state": "AVAILABLE",
                "time_created": "2023-02-16 23:18:43.145 +0000 UTC"
              },
              {
                "agent_features": [],
                "base_image_id": "",
                "billable_size_in_gbs": "6",
                "compartment_id": "",
                "create_image_allowed": true,
                "defined_tags": {},
                "display_name": "Oracle-Linux-8.6-2022.12.15-0",
                "freeform_tags": {},
                "id": "ocid1.image.oc1.iad.aaaaaaaa4m3bxzwpfcrthy3x74rozkmsxpnru4zcmlmta3yehg3rptvui7jq",
                "image_source_details": [],
                "instance_id": "",
                "launch_mode": "NATIVE",
                "launch_options": [
                  {
                    "boot_volume_type": "PARAVIRTUALIZED",
                    "firmware": "UEFI_64",
                    "is_consistent_volume_naming_enabled": true,
                    "is_pv_encryption_in_transit_enabled": true,
                    "network_type": "PARAVIRTUALIZED",
                    "remote_data_volume_type": "PARAVIRTUALIZED"
                  }
                ],
                "listing_type": "",
                "operating_system": "Oracle Linux",
                "operating_system_version": "8",
                "size_in_mbs": "47694",
                "state": "AVAILABLE",
                "time_created": "2022-12-20 21:32:52.879 +0000 UTC"
              },
              {
                "agent_features": [],
                "base_image_id": "",
                "billable_size_in_gbs": "6",
                "compartment_id": "",
                "create_image_allowed": true,
                "defined_tags": {},
                "display_name": "Oracle-Linux-8.6-2022.11.21-0",
                "freeform_tags": {},
                "id": "ocid1.image.oc1.iad.aaaaaaaak6w63p4ddsxlh2hgqh2vycoivsdevwy2utwsqjxwcvsj4vfstlqa",
                "image_source_details": [],
                "instance_id": "",
                "launch_mode": "NATIVE",
                "launch_options": [
                  {
                    "boot_volume_type": "PARAVIRTUALIZED",
                    "firmware": "UEFI_64",
                    "is_consistent_volume_naming_enabled": true,
                    "is_pv_encryption_in_transit_enabled": true,
                    "network_type": "PARAVIRTUALIZED",
                    "remote_data_volume_type": "PARAVIRTUALIZED"
                  }
                ],
                "listing_type": "",
                "operating_system": "Oracle Linux",
                "operating_system_version": "8",
                "size_in_mbs": "47694",
                "state": "AVAILABLE",
                "time_created": "2022-12-05 15:49:16.189 +0000 UTC"
              }
            ],
            "operating_system": "Oracle Linux",
            "operating_system_version": "8",
            "shape": "VM.Standard.E4.Flex",
            "sort_by": null,
            "sort_order": null,
            "state": null
          },
          "sensitive_attributes": []
        }
      ]
    },
    {
      "module": "module.instance-pool2[0]",
      "mode": "data",
      "type": "oci_identity_availability_domain",
      "name": "AD",
      "provider": "provider[\"registry.terraform.io/hashicorp/oci\"]",
      "instances": [
        {
          "schema_version": 0,
          "attributes": {
            "ad_number": 2,
            "compartment_id": "ocid1.tenancy.oc1..aaaaaaaaifplmln563scofwisfcqcqsuqyvqc5is2k7ia35227hpudxmxwgq",
            "id": "ocid1.availabilitydomain.oc1..aaaaaaaauvt2n7pijol7uqgdnnsoojcukrijtmcltvfwxazmitk235wyohta",
            "name": "ZyrR:US-ASHBURN-AD-2"
          },
          "sensitive_attributes": []
        }
      ]
    },
    {
      "module": "module.instance-pool2[0]",
      "mode": "managed",
      "type": "oci_core_instance",
      "name": "instance",
      "provider": "provider[\"registry.terraform.io/hashicorp/oci\"]",
      "instances": [
        {
          "index_key": 0,
          "schema_version": 0,
          "attributes": {
            "agent_config": [
              {
                "are_all_plugins_disabled": false,
                "is_management_disabled": false,
                "is_monitoring_disabled": false,
                "plugins_config": []
              }
            ],
            "async": true,
            "availability_config": [
              {
                "is_live_migration_preferred": false,
                "recovery_action": "RESTORE_INSTANCE"
              }
            ],
            "availability_domain": "ZyrR:US-ASHBURN-AD-2",
            "boot_volume_id": null,
            "capacity_reservation_id": null,
            "compartment_id": "ocid1.compartment.oc1..aaaaaaaak4br2cpp6gggpquw6omq7ocf2kinkz3qi5oyjbispxped525cdga",
            "compute_cluster_id": null,
            "create_vnic_details": [
              {
                "assign_private_dns_record": false,
                "assign_public_ip": "false",
                "defined_tags": {},
                "display_name": "",
                "freeform_tags": {},
                "hostname_label": "",
                "nsg_ids": null,
                "private_ip": "",
                "skip_source_dest_check": false,
                "subnet_id": "ocid1.subnet.oc1.iad.aaaaaaaa4qnhb4vni57wep5kj63azxskvaf7kstau2hfingjpfrpw57mudca",
                "vlan_id": ""
              }
            ],
            "dedicated_vm_host_id": null,
            "defined_tags": {
              "Oracle-Tags.CreatedBy": "default/michael.prestin@oracle.com",
              "Oracle-Tags.CreatedOn": "2023-04-03T20:05:18.936Z"
            },
            "display_name": "test2-1",
            "extended_metadata": null,
            "fault_domain": "FAULT-DOMAIN-3",
            "freeform_tags": {},
            "hostname_label": null,
            "id": "ocid1.instance.oc1.iad.anuwcljr22cz7wqcafz3ktfzvnpojmuui7upkdjupvppqz3brnclxsib6uwa",
            "image": "ocid1.image.oc1.iad.aaaaaaaayrldglwozuedpvfllelnmthkcbd5irmjyeih56a4tslst2rne6jq",
            "instance_options": [
              {
                "are_legacy_imds_endpoints_disabled": false
              }
            ],
            "ipxe_script": null,
            "is_pv_encryption_in_transit_enabled": null,
            "launch_mode": "PARAVIRTUALIZED",
            "launch_options": [
              {
                "boot_volume_type": "PARAVIRTUALIZED",
                "firmware": "UEFI_64",
                "is_consistent_volume_naming_enabled": true,
                "is_pv_encryption_in_transit_enabled": false,
                "network_type": "PARAVIRTUALIZED",
                "remote_data_volume_type": "PARAVIRTUALIZED"
              }
            ],
            "metadata": {
              "ssh_authorized_keys": "ssh-rsa AAAAB3NzaC1yc2EAAAADAQABAAABAQCvNY4syznY/myM3H45YCiC7OVmaFP9rDQAf1hoBYeLnOTws0KtcmG9fJ0D8OMSsyFTLJdI4y70+ibmRU/LA045l6tPj5C1OHyHS2E5EdhJaqfExCsEfwdaLvDwtcVn1gq4eirGbjQDv/66GFyNmrqASgSMBn816eFR7lQS5YNvFQ0/3DWx1WviHGo980YLeVGYqCwN55wicomAslHM4VljtquGJyczdE7+uQ5r5gjqUjYcqULXrLmz3pRVIP0ln1TU8xWQPqMpFZtttRMGQdASmOUS4weFvGTip7X5h7aPQvj9+FMT95ge0rd2L8RRlYST5xd8PN/1xxyckdDX1Cg1\n",
              "user_data": "IyEvYmluL2Jhc2gK"
            },
            "platform_config": [],
            "preemptible_instance_config": [],
            "preserve_boot_volume": null,
            "private_ip": null,
            "public_ip": null,
            "region": "iad",
            "shape": "VM.Standard.E4.Flex",
            "shape_config": [
              {
                "baseline_ocpu_utilization": "",
                "gpu_description": "",
                "gpus": 0,
                "local_disk_description": "",
                "local_disks": 0,
                "local_disks_total_size_in_gbs": 0,
                "max_vnic_attachments": 2,
                "memory_in_gbs": 16,
                "networking_bandwidth_in_gbps": 2,
                "nvmes": 0,
                "ocpus": 2,
                "processor_description": "2.55 GHz AMD EPYC™ 7J13 (Milan)"
              }
            ],
            "source_details": [
              {
                "boot_volume_size_in_gbs": "",
                "boot_volume_vpus_per_gb": "10",
                "kms_key_id": "",
                "source_id": "ocid1.image.oc1.iad.aaaaaaaayrldglwozuedpvfllelnmthkcbd5irmjyeih56a4tslst2rne6jq",
                "source_type": "image"
              }
            ],
            "state": "PROVISIONING",
            "subnet_id": null,
            "system_tags": {},
            "time_created": "2023-04-03 20:05:20.038 +0000 UTC",
            "time_maintenance_reboot_due": "",
            "timeouts": null,
            "update_operation_constraint": null
          },
          "sensitive_attributes": [],
          "private": "eyJlMmJmYjczMC1lY2FhLTExZTYtOGY4OC0zNDM2M2JjN2M0YzAiOnsiY3JlYXRlIjoyNzAwMDAwMDAwMDAwLCJkZWxldGUiOjQ1MDAwMDAwMDAwMDAsInVwZGF0ZSI6MjcwMDAwMDAwMDAwMH19",
          "dependencies": [
            "module.instance-pool2.data.oci_core_images.ImageOCID",
            "module.instance-pool2.data.oci_identity_availability_domain.AD",
            "module.network.data.oci_core_services.net_services",
            "module.network.oci_core_internet_gateway.internet_gateway",
            "module.network.oci_core_nat_gateway.nat_gateway",
            "module.network.oci_core_route_table.private_subnet_route_table",
            "module.network.oci_core_route_table.public_subnet_route_table",
            "module.network.oci_core_security_list.private_subnet_securitylist",
            "module.network.oci_core_security_list.public_subnet_securitylist",
            "module.network.oci_core_service_gateway.service_gateway",
            "module.network.oci_core_subnet.private_subnet",
            "module.network.oci_core_subnet.public_subnet",
            "module.network.oci_core_vcn.vcn",
            "tls_private_key.ssh_key"
          ]
        },
        {
          "index_key": 1,
          "schema_version": 0,
          "attributes": {
            "agent_config": [
              {
                "are_all_plugins_disabled": false,
                "is_management_disabled": false,
                "is_monitoring_disabled": false,
                "plugins_config": []
              }
            ],
            "async": true,
            "availability_config": [
              {
                "is_live_migration_preferred": false,
                "recovery_action": "RESTORE_INSTANCE"
              }
            ],
            "availability_domain": "ZyrR:US-ASHBURN-AD-2",
            "boot_volume_id": null,
            "capacity_reservation_id": null,
            "compartment_id": "ocid1.compartment.oc1..aaaaaaaak4br2cpp6gggpquw6omq7ocf2kinkz3qi5oyjbispxped525cdga",
            "compute_cluster_id": null,
            "create_vnic_details": [
              {
                "assign_private_dns_record": false,
                "assign_public_ip": "false",
                "defined_tags": {},
                "display_name": "",
                "freeform_tags": {},
                "hostname_label": "",
                "nsg_ids": null,
                "private_ip": "",
                "skip_source_dest_check": false,
                "subnet_id": "ocid1.subnet.oc1.iad.aaaaaaaa4qnhb4vni57wep5kj63azxskvaf7kstau2hfingjpfrpw57mudca",
                "vlan_id": ""
              }
            ],
            "dedicated_vm_host_id": null,
            "defined_tags": {
              "Oracle-Tags.CreatedBy": "default/michael.prestin@oracle.com",
              "Oracle-Tags.CreatedOn": "2023-04-03T20:05:21.104Z"
            },
            "display_name": "test2-2",
            "extended_metadata": null,
            "fault_domain": "FAULT-DOMAIN-3",
            "freeform_tags": {},
            "hostname_label": null,
            "id": "ocid1.instance.oc1.iad.anuwcljr22cz7wqcvcatfstvkd6b6ypjcj3uaubietd6nysj2diebvszacqq",
            "image": "ocid1.image.oc1.iad.aaaaaaaayrldglwozuedpvfllelnmthkcbd5irmjyeih56a4tslst2rne6jq",
            "instance_options": [
              {
                "are_legacy_imds_endpoints_disabled": false
              }
            ],
            "ipxe_script": null,
            "is_pv_encryption_in_transit_enabled": null,
            "launch_mode": "PARAVIRTUALIZED",
            "launch_options": [
              {
                "boot_volume_type": "PARAVIRTUALIZED",
                "firmware": "UEFI_64",
                "is_consistent_volume_naming_enabled": true,
                "is_pv_encryption_in_transit_enabled": false,
                "network_type": "PARAVIRTUALIZED",
                "remote_data_volume_type": "PARAVIRTUALIZED"
              }
            ],
            "metadata": {
              "ssh_authorized_keys": "ssh-rsa AAAAB3NzaC1yc2EAAAADAQABAAABAQCvNY4syznY/myM3H45YCiC7OVmaFP9rDQAf1hoBYeLnOTws0KtcmG9fJ0D8OMSsyFTLJdI4y70+ibmRU/LA045l6tPj5C1OHyHS2E5EdhJaqfExCsEfwdaLvDwtcVn1gq4eirGbjQDv/66GFyNmrqASgSMBn816eFR7lQS5YNvFQ0/3DWx1WviHGo980YLeVGYqCwN55wicomAslHM4VljtquGJyczdE7+uQ5r5gjqUjYcqULXrLmz3pRVIP0ln1TU8xWQPqMpFZtttRMGQdASmOUS4weFvGTip7X5h7aPQvj9+FMT95ge0rd2L8RRlYST5xd8PN/1xxyckdDX1Cg1\n",
              "user_data": "IyEvYmluL2Jhc2gK"
            },
            "platform_config": [],
            "preemptible_instance_config": [],
            "preserve_boot_volume": null,
            "private_ip": null,
            "public_ip": null,
            "region": "iad",
            "shape": "VM.Standard.E4.Flex",
            "shape_config": [
              {
                "baseline_ocpu_utilization": "",
                "gpu_description": "",
                "gpus": 0,
                "local_disk_description": "",
                "local_disks": 0,
                "local_disks_total_size_in_gbs": 0,
                "max_vnic_attachments": 2,
                "memory_in_gbs": 16,
                "networking_bandwidth_in_gbps": 2,
                "nvmes": 0,
                "ocpus": 2,
                "processor_description": "2.55 GHz AMD EPYC™ 7J13 (Milan)"
              }
            ],
            "source_details": [
              {
                "boot_volume_size_in_gbs": "",
                "boot_volume_vpus_per_gb": "10",
                "kms_key_id": "",
                "source_id": "ocid1.image.oc1.iad.aaaaaaaayrldglwozuedpvfllelnmthkcbd5irmjyeih56a4tslst2rne6jq",
                "source_type": "image"
              }
            ],
            "state": "PROVISIONING",
            "subnet_id": null,
            "system_tags": {},
            "time_created": "2023-04-03 20:05:25.103 +0000 UTC",
            "time_maintenance_reboot_due": "",
            "timeouts": null,
            "update_operation_constraint": null
          },
          "sensitive_attributes": [],
          "private": "eyJlMmJmYjczMC1lY2FhLTExZTYtOGY4OC0zNDM2M2JjN2M0YzAiOnsiY3JlYXRlIjoyNzAwMDAwMDAwMDAwLCJkZWxldGUiOjQ1MDAwMDAwMDAwMDAsInVwZGF0ZSI6MjcwMDAwMDAwMDAwMH19",
          "dependencies": [
            "module.instance-pool2.data.oci_core_images.ImageOCID",
            "module.instance-pool2.data.oci_identity_availability_domain.AD",
            "module.network.data.oci_core_services.net_services",
            "module.network.oci_core_internet_gateway.internet_gateway",
            "module.network.oci_core_nat_gateway.nat_gateway",
            "module.network.oci_core_route_table.private_subnet_route_table",
            "module.network.oci_core_route_table.public_subnet_route_table",
            "module.network.oci_core_security_list.private_subnet_securitylist",
            "module.network.oci_core_security_list.public_subnet_securitylist",
            "module.network.oci_core_service_gateway.service_gateway",
            "module.network.oci_core_subnet.private_subnet",
            "module.network.oci_core_subnet.public_subnet",
            "module.network.oci_core_vcn.vcn",
            "tls_private_key.ssh_key"
          ]
        }
      ]
    },
    {
      "module": "module.network",
      "mode": "data",
      "type": "oci_core_services",
      "name": "net_services",
      "provider": "provider[\"registry.terraform.io/hashicorp/oci\"]",
      "instances": [
        {
          "schema_version": 0,
          "attributes": {
            "filter": [
              {
                "name": "name",
                "regex": true,
                "values": [
                  "All .* Services In Oracle Services Network"
                ]
              }
            ],
            "id": "CoreServicesDataSource-0",
            "services": [
              {
                "cidr_block": "all-iad-services-in-oracle-services-network",
                "description": "All IAD Services In Oracle Services Network",
                "id": "ocid1.service.oc1.iad.aaaaaaaam4zfmy2rjue6fmglumm3czgisxzrnvrwqeodtztg7hwa272mlfna",
                "name": "All IAD Services In Oracle Services Network"
              }
            ]
          },
          "sensitive_attributes": []
        }
      ]
    },
    {
      "module": "module.network",
      "mode": "managed",
      "type": "oci_core_internet_gateway",
      "name": "internet_gateway",
      "provider": "provider[\"registry.terraform.io/hashicorp/oci\"]",
      "instances": [
        {
          "index_key": 0,
          "schema_version": 0,
          "attributes": {
            "compartment_id": "ocid1.compartment.oc1..aaaaaaaak4br2cpp6gggpquw6omq7ocf2kinkz3qi5oyjbispxped525cdga",
            "defined_tags": {
              "Oracle-Tags.CreatedBy": "default/michael.prestin@oracle.com",
              "Oracle-Tags.CreatedOn": "2023-03-31T15:38:49.108Z"
            },
            "display_name": "IGW",
            "enabled": true,
            "freeform_tags": {},
            "id": "ocid1.internetgateway.oc1.iad.aaaaaaaa7glh7vdgk3r5a5oaxyslkumuyb53nkj37vojtlu4l7zhyn2bxqkq",
            "route_table_id": null,
            "state": "AVAILABLE",
            "time_created": "2023-03-31 15:38:49.261 +0000 UTC",
            "timeouts": null,
            "vcn_id": "ocid1.vcn.oc1.iad.amaaaaaa22cz7wqajbliob4k4bpirq3nczf6nyti3rpcbe5xug5nnjpjmeoq"
          },
          "sensitive_attributes": [],
          "private": "eyJlMmJmYjczMC1lY2FhLTExZTYtOGY4OC0zNDM2M2JjN2M0YzAiOnsiY3JlYXRlIjoxMjAwMDAwMDAwMDAwLCJkZWxldGUiOjEyMDAwMDAwMDAwMDAsInVwZGF0ZSI6MTIwMDAwMDAwMDAwMH19",
          "dependencies": [
            "module.network.oci_core_vcn.vcn"
          ]
        }
      ]
    },
    {
      "module": "module.network",
      "mode": "managed",
      "type": "oci_core_nat_gateway",
      "name": "nat_gateway",
      "provider": "provider[\"registry.terraform.io/hashicorp/oci\"]",
      "instances": [
        {
          "index_key": 0,
          "schema_version": 0,
          "attributes": {
            "block_traffic": false,
            "compartment_id": "ocid1.compartment.oc1..aaaaaaaak4br2cpp6gggpquw6omq7ocf2kinkz3qi5oyjbispxped525cdga",
            "defined_tags": {
              "Oracle-Tags.CreatedBy": "default/michael.prestin@oracle.com",
              "Oracle-Tags.CreatedOn": "2023-03-31T15:38:49.039Z"
            },
            "display_name": "NATGW",
            "freeform_tags": {},
            "id": "ocid1.natgateway.oc1.iad.aaaaaaaadpou7oa63yeuw6ar4dg6bbi55haxodpbs222e6dltgqwkidle7xq",
            "nat_ip": "150.230.186.230",
            "public_ip_id": "ocid1.publicip.oc1.iad.aaaaaaaaejcu4xzuo5zvwmtw6h4i5xdeqr5thxixxjnpq7olvtlfsf7hmlkq",
            "route_table_id": null,
            "state": "AVAILABLE",
            "time_created": "2023-03-31 15:38:49.45 +0000 UTC",
            "timeouts": null,
            "vcn_id": "ocid1.vcn.oc1.iad.amaaaaaa22cz7wqajbliob4k4bpirq3nczf6nyti3rpcbe5xug5nnjpjmeoq"
          },
          "sensitive_attributes": [],
          "private": "eyJlMmJmYjczMC1lY2FhLTExZTYtOGY4OC0zNDM2M2JjN2M0YzAiOnsiY3JlYXRlIjoxMjAwMDAwMDAwMDAwLCJkZWxldGUiOjEyMDAwMDAwMDAwMDAsInVwZGF0ZSI6MTIwMDAwMDAwMDAwMH19",
          "dependencies": [
            "module.network.oci_core_vcn.vcn"
          ]
        }
      ]
    },
    {
      "module": "module.network",
      "mode": "managed",
      "type": "oci_core_route_table",
      "name": "private_subnet_route_table",
      "provider": "provider[\"registry.terraform.io/hashicorp/oci\"]",
      "instances": [
        {
          "index_key": 0,
          "schema_version": 0,
          "attributes": {
            "compartment_id": "ocid1.compartment.oc1..aaaaaaaak4br2cpp6gggpquw6omq7ocf2kinkz3qi5oyjbispxped525cdga",
            "defined_tags": {
              "Oracle-Tags.CreatedBy": "default/michael.prestin@oracle.com",
              "Oracle-Tags.CreatedOn": "2023-03-31T15:38:51.748Z"
            },
            "display_name": "PrivateSubnetRouteTable",
            "freeform_tags": {},
            "id": "ocid1.routetable.oc1.iad.aaaaaaaapuf7fjhafwsjc2lhzlaabgwwqxwcyrolh6lg2yjaushsb2w3hkmq",
            "route_rules": [
              {
                "cidr_block": "",
                "description": "",
                "destination": "0.0.0.0/0",
                "destination_type": "CIDR_BLOCK",
                "network_entity_id": "ocid1.natgateway.oc1.iad.aaaaaaaadpou7oa63yeuw6ar4dg6bbi55haxodpbs222e6dltgqwkidle7xq",
                "route_type": ""
              },
              {
                "cidr_block": "",
                "description": "",
                "destination": "all-iad-services-in-oracle-services-network",
                "destination_type": "SERVICE_CIDR_BLOCK",
                "network_entity_id": "ocid1.servicegateway.oc1.iad.aaaaaaaaq4ja2ymieciklyiahseezjpdnex4fojnkurtt5wbuvin23gsu4rq",
                "route_type": ""
              }
            ],
            "state": "AVAILABLE",
            "time_created": "2023-03-31 15:38:51.835 +0000 UTC",
            "timeouts": null,
            "vcn_id": "ocid1.vcn.oc1.iad.amaaaaaa22cz7wqajbliob4k4bpirq3nczf6nyti3rpcbe5xug5nnjpjmeoq"
          },
          "sensitive_attributes": [],
          "private": "eyJlMmJmYjczMC1lY2FhLTExZTYtOGY4OC0zNDM2M2JjN2M0YzAiOnsiY3JlYXRlIjoxMjAwMDAwMDAwMDAwLCJkZWxldGUiOjEyMDAwMDAwMDAwMDAsInVwZGF0ZSI6MTIwMDAwMDAwMDAwMH19",
          "dependencies": [
            "module.network.data.oci_core_services.net_services",
            "module.network.oci_core_nat_gateway.nat_gateway",
            "module.network.oci_core_service_gateway.service_gateway",
            "module.network.oci_core_vcn.vcn"
          ]
        }
      ]
    },
    {
      "module": "module.network",
      "mode": "managed",
      "type": "oci_core_route_table",
      "name": "public_subnet_route_table",
      "provider": "provider[\"registry.terraform.io/hashicorp/oci\"]",
      "instances": [
        {
          "index_key": 0,
          "schema_version": 0,
          "attributes": {
            "compartment_id": "ocid1.compartment.oc1..aaaaaaaak4br2cpp6gggpquw6omq7ocf2kinkz3qi5oyjbispxped525cdga",
            "defined_tags": {
              "Oracle-Tags.CreatedBy": "default/michael.prestin@oracle.com",
              "Oracle-Tags.CreatedOn": "2023-03-31T15:38:50.369Z"
            },
            "display_name": "PublicSubnetRouteTable",
            "freeform_tags": {},
            "id": "ocid1.routetable.oc1.iad.aaaaaaaa6mju6mt7udv4i6bise363ov5b57avtyvlz6qlk7fhuyzpkiv7wzq",
            "route_rules": [
              {
                "cidr_block": "",
                "description": "",
                "destination": "0.0.0.0/0",
                "destination_type": "CIDR_BLOCK",
                "network_entity_id": "ocid1.internetgateway.oc1.iad.aaaaaaaa7glh7vdgk3r5a5oaxyslkumuyb53nkj37vojtlu4l7zhyn2bxqkq",
                "route_type": ""
              }
            ],
            "state": "AVAILABLE",
            "time_created": "2023-03-31 15:38:50.491 +0000 UTC",
            "timeouts": null,
            "vcn_id": "ocid1.vcn.oc1.iad.amaaaaaa22cz7wqajbliob4k4bpirq3nczf6nyti3rpcbe5xug5nnjpjmeoq"
          },
          "sensitive_attributes": [],
          "private": "eyJlMmJmYjczMC1lY2FhLTExZTYtOGY4OC0zNDM2M2JjN2M0YzAiOnsiY3JlYXRlIjoxMjAwMDAwMDAwMDAwLCJkZWxldGUiOjEyMDAwMDAwMDAwMDAsInVwZGF0ZSI6MTIwMDAwMDAwMDAwMH19",
          "dependencies": [
            "module.network.oci_core_internet_gateway.internet_gateway",
            "module.network.oci_core_vcn.vcn"
          ]
        }
      ]
    },
    {
      "module": "module.network",
      "mode": "managed",
      "type": "oci_core_security_list",
      "name": "private_subnet_securitylist",
      "provider": "provider[\"registry.terraform.io/hashicorp/oci\"]",
      "instances": [
        {
          "index_key": 0,
          "schema_version": 0,
          "attributes": {
            "compartment_id": "ocid1.compartment.oc1..aaaaaaaak4br2cpp6gggpquw6omq7ocf2kinkz3qi5oyjbispxped525cdga",
            "defined_tags": {
              "Oracle-Tags.CreatedBy": "default/michael.prestin@oracle.com",
              "Oracle-Tags.CreatedOn": "2023-03-31T15:38:49.063Z"
            },
            "display_name": "PrivateSubnetSecurityList",
            "egress_security_rules": [
              {
                "description": "",
                "destination": "0.0.0.0/0",
                "destination_type": "CIDR_BLOCK",
                "icmp_options": [],
                "protocol": "all",
                "stateless": false,
                "tcp_options": [],
                "udp_options": []
              }
            ],
            "freeform_tags": {},
            "id": "ocid1.securitylist.oc1.iad.aaaaaaaa7vijqr3bxwszo4es6pajwmrirkgdsglrj2lld63zdnitu7rpagja",
            "ingress_security_rules": [
              {
                "description": "",
                "icmp_options": [],
                "protocol": "6",
                "source": "0.0.0.0/0",
                "source_type": "CIDR_BLOCK",
                "stateless": false,
                "tcp_options": [
                  {
                    "max": 22,
                    "min": 22,
                    "source_port_range": []
                  }
                ],
                "udp_options": []
              },
              {
                "description": "",
                "icmp_options": [],
                "protocol": "6",
                "source": "0.0.0.0/0",
                "source_type": "CIDR_BLOCK",
                "stateless": false,
                "tcp_options": [
                  {
                    "max": 3389,
                    "min": 3389,
                    "source_port_range": []
                  }
                ],
                "udp_options": []
              }
            ],
            "state": "AVAILABLE",
            "time_created": "2023-03-31 15:38:49.137 +0000 UTC",
            "timeouts": null,
            "vcn_id": "ocid1.vcn.oc1.iad.amaaaaaa22cz7wqajbliob4k4bpirq3nczf6nyti3rpcbe5xug5nnjpjmeoq"
          },
          "sensitive_attributes": [],
          "private": "eyJlMmJmYjczMC1lY2FhLTExZTYtOGY4OC0zNDM2M2JjN2M0YzAiOnsiY3JlYXRlIjoxMjAwMDAwMDAwMDAwLCJkZWxldGUiOjEyMDAwMDAwMDAwMDAsInVwZGF0ZSI6MTIwMDAwMDAwMDAwMH19",
          "dependencies": [
            "module.network.oci_core_vcn.vcn"
          ]
        }
      ]
    },
    {
      "module": "module.network",
      "mode": "managed",
      "type": "oci_core_security_list",
      "name": "public_subnet_securitylist",
      "provider": "provider[\"registry.terraform.io/hashicorp/oci\"]",
      "instances": [
        {
          "index_key": 0,
          "schema_version": 0,
          "attributes": {
            "compartment_id": "ocid1.compartment.oc1..aaaaaaaak4br2cpp6gggpquw6omq7ocf2kinkz3qi5oyjbispxped525cdga",
            "defined_tags": {
              "Oracle-Tags.CreatedBy": "default/michael.prestin@oracle.com",
              "Oracle-Tags.CreatedOn": "2023-03-31T15:38:49.051Z"
            },
            "display_name": "PublicSubnetSecurityList",
            "egress_security_rules": [
              {
                "description": "",
                "destination": "0.0.0.0/0",
                "destination_type": "CIDR_BLOCK",
                "icmp_options": [],
                "protocol": "all",
                "stateless": false,
                "tcp_options": [],
                "udp_options": []
              }
            ],
            "freeform_tags": {},
            "id": "ocid1.securitylist.oc1.iad.aaaaaaaabtobgym7byilcb5vtwlm4zwrnxeplgq5pzoevnyaomjlmfhvj6nq",
            "ingress_security_rules": [
              {
                "description": "",
                "icmp_options": [],
                "protocol": "6",
                "source": "0.0.0.0/0",
                "source_type": "CIDR_BLOCK",
                "stateless": false,
                "tcp_options": [
                  {
                    "max": 22,
                    "min": 22,
                    "source_port_range": []
                  }
                ],
                "udp_options": []
              }
            ],
            "state": "AVAILABLE",
            "time_created": "2023-03-31 15:38:49.149 +0000 UTC",
            "timeouts": null,
            "vcn_id": "ocid1.vcn.oc1.iad.amaaaaaa22cz7wqajbliob4k4bpirq3nczf6nyti3rpcbe5xug5nnjpjmeoq"
          },
          "sensitive_attributes": [],
          "private": "eyJlMmJmYjczMC1lY2FhLTExZTYtOGY4OC0zNDM2M2JjN2M0YzAiOnsiY3JlYXRlIjoxMjAwMDAwMDAwMDAwLCJkZWxldGUiOjEyMDAwMDAwMDAwMDAsInVwZGF0ZSI6MTIwMDAwMDAwMDAwMH19",
          "dependencies": [
            "module.network.oci_core_vcn.vcn"
          ]
        }
      ]
    },
    {
      "module": "module.network",
      "mode": "managed",
      "type": "oci_core_service_gateway",
      "name": "service_gateway",
      "provider": "provider[\"registry.terraform.io/hashicorp/oci\"]",
      "instances": [
        {
          "index_key": 0,
          "schema_version": 0,
          "attributes": {
            "block_traffic": false,
            "compartment_id": "ocid1.compartment.oc1..aaaaaaaak4br2cpp6gggpquw6omq7ocf2kinkz3qi5oyjbispxped525cdga",
            "defined_tags": {
              "Oracle-Tags.CreatedBy": "default/michael.prestin@oracle.com",
              "Oracle-Tags.CreatedOn": "2023-03-31T15:38:48.733Z"
            },
            "display_name": "SVCGW",
            "freeform_tags": {},
            "id": "ocid1.servicegateway.oc1.iad.aaaaaaaaq4ja2ymieciklyiahseezjpdnex4fojnkurtt5wbuvin23gsu4rq",
            "route_table_id": null,
            "services": [
              {
                "service_id": "ocid1.service.oc1.iad.aaaaaaaam4zfmy2rjue6fmglumm3czgisxzrnvrwqeodtztg7hwa272mlfna",
                "service_name": "All IAD Services In Oracle Services Network"
              }
            ],
            "state": "AVAILABLE",
            "time_created": "2023-03-31 15:38:50.027 +0000 UTC",
            "timeouts": null,
            "vcn_id": "ocid1.vcn.oc1.iad.amaaaaaa22cz7wqajbliob4k4bpirq3nczf6nyti3rpcbe5xug5nnjpjmeoq"
          },
          "sensitive_attributes": [],
          "private": "eyJlMmJmYjczMC1lY2FhLTExZTYtOGY4OC0zNDM2M2JjN2M0YzAiOnsiY3JlYXRlIjoxMjAwMDAwMDAwMDAwLCJkZWxldGUiOjEyMDAwMDAwMDAwMDAsInVwZGF0ZSI6MTIwMDAwMDAwMDAwMH19",
          "dependencies": [
            "module.network.data.oci_core_services.net_services",
            "module.network.oci_core_vcn.vcn"
          ]
        }
      ]
    },
    {
      "module": "module.network",
      "mode": "managed",
      "type": "oci_core_subnet",
      "name": "private_subnet",
      "provider": "provider[\"registry.terraform.io/hashicorp/oci\"]",
      "instances": [
        {
          "index_key": 0,
          "schema_version": 0,
          "attributes": {
            "availability_domain": null,
            "cidr_block": "10.0.0.0/21",
            "compartment_id": "ocid1.compartment.oc1..aaaaaaaak4br2cpp6gggpquw6omq7ocf2kinkz3qi5oyjbispxped525cdga",
            "defined_tags": {
              "Oracle-Tags.CreatedBy": "default/michael.prestin@oracle.com",
              "Oracle-Tags.CreatedOn": "2023-03-31T15:38:54.889Z"
            },
            "dhcp_options_id": "ocid1.dhcpoptions.oc1.iad.aaaaaaaa6as6npvqzqa3oohuvamwfdbxrul62ltplrllumqz3ap6yhe3qbpa",
            "display_name": "PrivateSubnet",
            "dns_label": "privatesubnet",
            "freeform_tags": {},
            "id": "ocid1.subnet.oc1.iad.aaaaaaaa4qnhb4vni57wep5kj63azxskvaf7kstau2hfingjpfrpw57mudca",
            "ipv6cidr_block": null,
            "ipv6cidr_blocks": [],
            "ipv6virtual_router_ip": null,
            "prohibit_internet_ingress": true,
            "prohibit_public_ip_on_vnic": true,
            "route_table_id": "ocid1.routetable.oc1.iad.aaaaaaaapuf7fjhafwsjc2lhzlaabgwwqxwcyrolh6lg2yjaushsb2w3hkmq",
            "security_list_ids": [
              "ocid1.securitylist.oc1.iad.aaaaaaaa7vijqr3bxwszo4es6pajwmrirkgdsglrj2lld63zdnitu7rpagja"
            ],
            "state": "AVAILABLE",
            "subnet_domain_name": "privatesubnet.testvcn.oraclevcn.com",
            "time_created": "2023-03-31 15:38:54.995 +0000 UTC",
            "timeouts": null,
            "vcn_id": "ocid1.vcn.oc1.iad.amaaaaaa22cz7wqajbliob4k4bpirq3nczf6nyti3rpcbe5xug5nnjpjmeoq",
            "virtual_router_ip": "10.0.0.1",
            "virtual_router_mac": "00:00:17:29:F3:15"
          },
          "sensitive_attributes": [],
          "private": "eyJlMmJmYjczMC1lY2FhLTExZTYtOGY4OC0zNDM2M2JjN2M0YzAiOnsiY3JlYXRlIjoxMjAwMDAwMDAwMDAwLCJkZWxldGUiOjEyMDAwMDAwMDAwMDAsInVwZGF0ZSI6MTIwMDAwMDAwMDAwMH19",
          "dependencies": [
            "module.network.data.oci_core_services.net_services",
            "module.network.oci_core_nat_gateway.nat_gateway",
            "module.network.oci_core_route_table.private_subnet_route_table",
            "module.network.oci_core_security_list.private_subnet_securitylist",
            "module.network.oci_core_service_gateway.service_gateway",
            "module.network.oci_core_vcn.vcn"
          ]
        }
      ]
    },
    {
      "module": "module.network",
      "mode": "managed",
      "type": "oci_core_subnet",
      "name": "public_subnet",
      "provider": "provider[\"registry.terraform.io/hashicorp/oci\"]",
      "instances": [
        {
          "index_key": 0,
          "schema_version": 0,
          "attributes": {
            "availability_domain": null,
            "cidr_block": "10.0.100.0/24",
            "compartment_id": "ocid1.compartment.oc1..aaaaaaaak4br2cpp6gggpquw6omq7ocf2kinkz3qi5oyjbispxped525cdga",
            "defined_tags": {
              "Oracle-Tags.CreatedBy": "default/michael.prestin@oracle.com",
              "Oracle-Tags.CreatedOn": "2023-03-31T15:38:51.953Z"
            },
            "dhcp_options_id": "ocid1.dhcpoptions.oc1.iad.aaaaaaaa6as6npvqzqa3oohuvamwfdbxrul62ltplrllumqz3ap6yhe3qbpa",
            "display_name": "PublicSubnet",
            "dns_label": "publicsubnet",
            "freeform_tags": {},
            "id": "ocid1.subnet.oc1.iad.aaaaaaaaizcd3ebgwgcyhzp6ndnoz3iesgu7exulvziphkombw43wobui6aa",
            "ipv6cidr_block": null,
            "ipv6cidr_blocks": [],
            "ipv6virtual_router_ip": null,
            "prohibit_internet_ingress": false,
            "prohibit_public_ip_on_vnic": false,
            "route_table_id": "ocid1.routetable.oc1.iad.aaaaaaaa6mju6mt7udv4i6bise363ov5b57avtyvlz6qlk7fhuyzpkiv7wzq",
            "security_list_ids": [
              "ocid1.securitylist.oc1.iad.aaaaaaaabtobgym7byilcb5vtwlm4zwrnxeplgq5pzoevnyaomjlmfhvj6nq"
            ],
            "state": "AVAILABLE",
            "subnet_domain_name": "publicsubnet.testvcn.oraclevcn.com",
            "time_created": "2023-03-31 15:38:52.418 +0000 UTC",
            "timeouts": null,
            "vcn_id": "ocid1.vcn.oc1.iad.amaaaaaa22cz7wqajbliob4k4bpirq3nczf6nyti3rpcbe5xug5nnjpjmeoq",
            "virtual_router_ip": "10.0.100.1",
            "virtual_router_mac": "00:00:17:29:F3:15"
          },
          "sensitive_attributes": [],
          "private": "eyJlMmJmYjczMC1lY2FhLTExZTYtOGY4OC0zNDM2M2JjN2M0YzAiOnsiY3JlYXRlIjoxMjAwMDAwMDAwMDAwLCJkZWxldGUiOjEyMDAwMDAwMDAwMDAsInVwZGF0ZSI6MTIwMDAwMDAwMDAwMH19",
          "dependencies": [
            "module.network.oci_core_internet_gateway.internet_gateway",
            "module.network.oci_core_route_table.public_subnet_route_table",
            "module.network.oci_core_security_list.public_subnet_securitylist",
            "module.network.oci_core_vcn.vcn"
          ]
        }
      ]
    },
    {
      "module": "module.network",
      "mode": "managed",
      "type": "oci_core_vcn",
      "name": "vcn",
      "provider": "provider[\"registry.terraform.io/hashicorp/oci\"]",
      "instances": [
        {
          "index_key": 0,
          "schema_version": 0,
          "attributes": {
            "byoipv6cidr_blocks": [],
            "byoipv6cidr_details": [],
            "cidr_block": "10.0.0.0/16",
            "cidr_blocks": [
              "10.0.0.0/16"
            ],
            "compartment_id": "ocid1.compartment.oc1..aaaaaaaak4br2cpp6gggpquw6omq7ocf2kinkz3qi5oyjbispxped525cdga",
            "default_dhcp_options_id": "ocid1.dhcpoptions.oc1.iad.aaaaaaaa6as6npvqzqa3oohuvamwfdbxrul62ltplrllumqz3ap6yhe3qbpa",
            "default_route_table_id": "ocid1.routetable.oc1.iad.aaaaaaaauabyugbpo6iw2ajitoyn5ykom4rsawilv3nnarsyixckklditjna",
            "default_security_list_id": "ocid1.securitylist.oc1.iad.aaaaaaaauj2pdmdbw27irb2ko26a7bhnsrnkfw6fc5bxnkt5i4erekxv6jxq",
            "defined_tags": {
              "Oracle-Tags.CreatedBy": "default/michael.prestin@oracle.com",
              "Oracle-Tags.CreatedOn": "2023-03-31T15:38:47.342Z"
            },
            "display_name": "testvcn",
            "dns_label": "testvcn",
            "freeform_tags": {},
            "id": "ocid1.vcn.oc1.iad.amaaaaaa22cz7wqajbliob4k4bpirq3nczf6nyti3rpcbe5xug5nnjpjmeoq",
            "ipv6cidr_blocks": [],
            "ipv6private_cidr_blocks": [],
            "is_ipv6enabled": false,
            "is_oracle_gua_allocation_enabled": null,
            "state": "AVAILABLE",
            "time_created": "2023-03-31 15:38:47.513 +0000 UTC",
            "timeouts": null,
            "vcn_domain_name": "testvcn.oraclevcn.com"
          },
          "sensitive_attributes": [],
          "private": "eyJlMmJmYjczMC1lY2FhLTExZTYtOGY4OC0zNDM2M2JjN2M0YzAiOnsiY3JlYXRlIjoxMjAwMDAwMDAwMDAwLCJkZWxldGUiOjEyMDAwMDAwMDAwMDAsInVwZGF0ZSI6MTIwMDAwMDAwMDAwMH19"
        }
      ]
    }
  ],
  "check_results": null
}
